
Microsoft Visual Studio Solution File, Format Version 12.00
# Visual Studio 2013
VisualStudioVersion = 12.0.21005.1
MinimumVisualStudioVersion = 10.0.40219.1
Project("{FAE04EC0-301F-11D3-BF4B-00C04F79EFBC}") = "001-Hello-Word", "Hello-Word\001-Hello-Word.csproj", "{F0D8DE65-7348-42DD-8C7E-D9BD377145F0}"
EndProject
Project("{FAE04EC0-301F-11D3-BF4B-00C04F79EFBC}") = "002-重用方法重构程序", "重用方法重构程序\002-重用方法重构程序.csproj", "{2E7A2596-C298-473F-B3FB-B37D241A5EBE}"
EndProject
Project("{FAE04EC0-301F-11D3-BF4B-00C04F79EFBC}") = "003-预定义类型示范", "预定义类型示范\003-预定义类型示范.csproj", "{0496F33A-4D34-462A-A390-AA6B46EEC5F1}"
EndProject
Project("{FAE04EC0-301F-11D3-BF4B-00C04F79EFBC}") = "004-自定义类型示范", "004-自定义类型示范\004-自定义类型示范.csproj", "{A77B8931-8606-44EC-85A0-DF0E3A238E3C}"
EndProject
Project("{FAE04EC0-301F-11D3-BF4B-00C04F79EFBC}") = "005-实例与静态成员", "005-实例于静态成员\005-实例与静态成员.csproj", "{EBF9E8F1-8DC7-4432-B7A6-D1A0CE8B831B}"
EndProject
Project("{FAE04EC0-301F-11D3-BF4B-00C04F79EFBC}") = "006-值类型", "006-值类型与引用类型\006-值类型.csproj", "{0CABAD7E-3FBF-4AE8-9D1A-CF0A5BA8A8AA}"
EndProject
Project("{FAE04EC0-301F-11D3-BF4B-00C04F79EFBC}") = "007-引用类型", "007-引用类型\007-引用类型.csproj", "{544650B3-E0E5-414F-8732-8754030BD2D1}"
EndProject
Project("{FAE04EC0-301F-11D3-BF4B-00C04F79EFBC}") = "008-字符串类型→引用类型来的", "008-字符串类型→引用类型来的\008-字符串类型→引用类型来的.csproj", "{00E1BA8B-1819-4F60-921C-3080ED315E06}"
EndProject
Project("{FAE04EC0-301F-11D3-BF4B-00C04F79EFBC}") = "009-数组", "009-数组\009-数组.csproj", "{78526C5A-B88C-4006-A0F3-3173E6A37777}"
EndProject
Project("{FAE04EC0-301F-11D3-BF4B-00C04F79EFBC}") = "010-默认数组元素初始化", "010-默认数组元素初始化\010-默认数组元素初始化.csproj", "{94BD88D6-1149-4582-9934-E8F8F10607AF}"
EndProject
Project("{FAE04EC0-301F-11D3-BF4B-00C04F79EFBC}") = "011-多维数组", "011-多维数组\011-多维数组.csproj", "{71697F62-7513-4C35-81EB-8C9B43745365}"
EndProject
Project("{FAE04EC0-301F-11D3-BF4B-00C04F79EFBC}") = "012-简化数组初始化表达式", "012-简化数组初始化表达式\012-简化数组初始化表达式.csproj", "{244F9E0E-709C-4B30-AF40-0507D047CCF4}"
EndProject
Project("{FAE04EC0-301F-11D3-BF4B-00C04F79EFBC}") = "013-栈和堆", "栈和堆\013-栈和堆.csproj", "{9EA22BD5-A54E-49CE-BCF9-5869FF5E3154}"
EndProject
Project("{FAE04EC0-301F-11D3-BF4B-00C04F79EFBC}") = "014-明确赋值", "014-明确赋值\014-明确赋值.csproj", "{B7097250-9201-41EC-B17B-35493273B8FF}"
EndProject
Project("{FAE04EC0-301F-11D3-BF4B-00C04F79EFBC}") = "015-参数", "015-参数\015-参数.csproj", "{1A01CFCD-8A2A-4A15-B9E7-86ABB251875F}"
EndProject
Project("{FAE04EC0-301F-11D3-BF4B-00C04F79EFBC}") = "016-值传递参数", "016-值传递参数\016-值传递参数.csproj", "{51E47186-E977-4360-AE8F-93DAD204D65F}"
EndProject
Project("{FAE04EC0-301F-11D3-BF4B-00C04F79EFBC}") = "017-ref修饰符", "ref修饰符\017-ref修饰符.csproj", "{CE3AC3C6-4DA4-4356-858F-AB8CDB0B236F}"
EndProject
Project("{FAE04EC0-301F-11D3-BF4B-00C04F79EFBC}") = "018-out修饰符", "018-out修饰符\018-out修饰符.csproj", "{B7C88BCA-783F-436A-BE92-FB2712D1AF74}"
EndProject
Project("{FAE04EC0-301F-11D3-BF4B-00C04F79EFBC}") = "019-引用传递的含义", "019-引用传递的含义\019-引用传递的含义.csproj", "{786FBDDB-6F9B-49D1-8308-65D6C7A7D653}"
EndProject
Project("{FAE04EC0-301F-11D3-BF4B-00C04F79EFBC}") = "020-params修饰符(1+2+3+n)", "020-params修饰符(1+2+3+n)\020-params修饰符(1+2+3+n).csproj", "{BB3DC57E-2C7C-4AD6-981A-756657030C09}"
EndProject
Project("{FAE04EC0-301F-11D3-BF4B-00C04F79EFBC}") = "021-声明语句与表达式语句", "021-声明语句\021-声明语句与表达式语句.csproj", "{E45B14D7-4B2B-4FE6-BA06-5A5849840416}"
EndProject
Project("{FAE04EC0-301F-11D3-BF4B-00C04F79EFBC}") = "022-选择语句(if)", "选择语句\022-选择语句(if).csproj", "{3990B8A2-E162-4F1B-9465-5D8B5957F89C}"
EndProject
Project("{FAE04EC0-301F-11D3-BF4B-00C04F79EFBC}") = "023-选择语句(The_swich)", "023-选择语句(The_swich)\023-选择语句(The_swich).csproj", "{97349060-ADF4-41D6-805D-B4585E282F45}"
EndProject
Project("{FAE04EC0-301F-11D3-BF4B-00C04F79EFBC}") = "024-循环语句(while与do-whie)", "024-循环语句(while与do-whie)\024-循环语句(while与do-whie).csproj", "{330725B2-B2B6-49E2-8EC9-B58D97542AB1}"
EndProject
Project("{FAE04EC0-301F-11D3-BF4B-00C04F79EFBC}") = "025-循环语句(for循环与foreach)", "_024_循环语句_\025-循环语句(for循环与foreach).csproj", "{2E2320BE-3207-4A50-A924-387CD02395C7}"
EndProject
Project("{FAE04EC0-301F-11D3-BF4B-00C04F79EFBC}") = "026-跳转语句", "026-\026-跳转语句.csproj", "{A78F219F-8BA2-4DB1-9927-452F08FE9876}"
EndProject
Project("{FAE04EC0-301F-11D3-BF4B-00C04F79EFBC}") = "027-命名空间", "027-命名空间\027-命名空间.csproj", "{1007031A-953F-42AA-824D-9C2C8D7D8411}"
EndProject
Project("{FAE04EC0-301F-11D3-BF4B-00C04F79EFBC}") = "028-类实例构造方法", "028-类实例构造方法\028-类实例构造方法.csproj", "{886F35C6-F4E2-4C38-A706-0B79917CCB2B}"
EndProject
Project("{FAE04EC0-301F-11D3-BF4B-00C04F79EFBC}") = "029-重载构造方法", "029-重载构造方法\029-重载构造方法.csproj", "{28C82C17-5A28-4846-80D0-3FDB84C0261A}"
EndProject
Project("{FAE04EC0-301F-11D3-BF4B-00C04F79EFBC}") = "030-对象初始化器", "030-对象初始化器\030-对象初始化器.csproj", "{DDAA844A-8B05-4ABB-A840-13E30746BEF4}"
EndProject
Project("{FAE04EC0-301F-11D3-BF4B-00C04F79EFBC}") = "031-this引用", "031-this引用\031-this引用.csproj", "{65BF9E44-BEEC-465F-8FB9-A006B518E004}"
EndProject
Project("{FAE04EC0-301F-11D3-BF4B-00C04F79EFBC}") = "032-属性(get,set)", "032-属性(get,set)\032-属性(get,set).csproj", "{29546569-6417-4FA7-BF1D-3C0C69D9F6DB}"
EndProject
Project("{FAE04EC0-301F-11D3-BF4B-00C04F79EFBC}") = "033-索引器", "033-索引器\033-索引器.csproj", "{441342A1-EC48-4163-93D8-B431CB1A71AB}"
EndProject
Project("{FAE04EC0-301F-11D3-BF4B-00C04F79EFBC}") = "034-常量(const)", "035-常量(const)\034-常量(const).csproj", "{264669E0-7C16-43AB-B9EA-36DE6B291A88}"
EndProject
Project("{FAE04EC0-301F-11D3-BF4B-00C04F79EFBC}") = "035-静态构造方法", "035-静态构造方法\035-静态构造方法.csproj", "{F44CC679-5324-4A1D-B714-CA4506870FAE}"
EndProject
Project("{FAE04EC0-301F-11D3-BF4B-00C04F79EFBC}") = "036-继承", "036-继承\036-继承.csproj", "{FA926ADB-E923-4D3D-8EEE-FFF558A46FA7}"
EndProject
Project("{FAE04EC0-301F-11D3-BF4B-00C04F79EFBC}") = "037-多态", "037-多态\037-多态.csproj", "{35D2DEE4-C15F-42D3-88D7-612F2112F170}"
EndProject
Project("{FAE04EC0-301F-11D3-BF4B-00C04F79EFBC}") = "038-虚函数成员", "040-as运算符\038-虚函数成员.csproj", "{525E180F-25DE-4637-AC60-6DB5D8B58522}"
EndProject
Project("{FAE04EC0-301F-11D3-BF4B-00C04F79EFBC}") = "039-抽象类和抽象成员", "039-抽象类和抽象成员\039-抽象类和抽象成员.csproj", "{358BD47F-6F9A-4CB1-97CC-80B73609E0AC}"
EndProject
Project("{FAE04EC0-301F-11D3-BF4B-00C04F79EFBC}") = "040-隐藏继承成员", "040-隐藏继承成员\040-隐藏继承成员.csproj", "{E06D64C0-1757-4EB7-AC13-0EEAFB1DC001}"
EndProject
Project("{FAE04EC0-301F-11D3-BF4B-00C04F79EFBC}") = "041-new和virtual比较", "041-new和virtual比较\041-new和virtual比较.csproj", "{EC1A77E4-8466-4EC0-985B-B7A68AA1A377}"
EndProject
Project("{FAE04EC0-301F-11D3-BF4B-00C04F79EFBC}") = "042-构造和继承", "042-构造和继承\042-构造和继承.csproj", "{E9F6FFBB-175F-4472-8BC5-3CE08074B169}"
EndProject
Project("{FAE04EC0-301F-11D3-BF4B-00C04F79EFBC}") = "043-隐式调用无参数的构造方法", "043-隐式调用无参数的构造方法\043-隐式调用无参数的构造方法.csproj", "{B3ED8484-6736-435A-8118-9DACB46C2400}"
EndProject
Project("{FAE04EC0-301F-11D3-BF4B-00C04F79EFBC}") = "044-object类型", "044-object类型\044-object类型.csproj", "{1FC3723B-ED79-499A-838E-D012C0292844}"
EndProject
Project("{FAE04EC0-301F-11D3-BF4B-00C04F79EFBC}") = "045-装箱和拆箱", "045-装箱和拆箱\045-装箱和拆箱.csproj", "{44C65EC8-0210-47FD-8FDE-679F034AB74B}"
EndProject
Project("{FAE04EC0-301F-11D3-BF4B-00C04F79EFBC}") = "046-GetType方法和typeof运算符", "046-GetType方法和typeof运算符\046-GetType方法和typeof运算符.csproj", "{F1E36F0A-3C82-46A9-BA1C-142475871674}"
EndProject
Project("{FAE04EC0-301F-11D3-BF4B-00C04F79EFBC}") = "047-ToString方法", "047-ToString方法\047-ToString方法.csproj", "{BD77A891-C008-46BB-9BB9-8F9FD3BFE2AF}"
EndProject
Project("{FAE04EC0-301F-11D3-BF4B-00C04F79EFBC}") = "048-列出object成员", "048-列出object成员\048-列出object成员.csproj", "{04A4D70E-3739-48EC-8276-4D4469511AAD}"
EndProject
Project("{FAE04EC0-301F-11D3-BF4B-00C04F79EFBC}") = "049-结构体(struct)", "049-结构体(struct)\049-结构体(struct).csproj", "{7B1313F1-4E5B-430C-8201-406B6EFF367D}"
EndProject
Project("{FAE04EC0-301F-11D3-BF4B-00C04F79EFBC}") = "051-接口(interface和Ienumerator)", "051-接口\051-接口(interface和Ienumerator).csproj", "{280F9289-2908-4573-949C-06BF9ABCC956}"
EndProject
Project("{FAE04EC0-301F-11D3-BF4B-00C04F79EFBC}") = "052-显式接口实现", "052-显式接口实现\052-显式接口实现.csproj", "{6E6CF2B5-23CD-4D35-8BBD-48AC1EA554F8}"
EndProject
Project("{FAE04EC0-301F-11D3-BF4B-00C04F79EFBC}") = "053-虚方法实现接口成员", "053-虚方法实现接口成员\053-虚方法实现接口成员.csproj", "{E52B5EE5-3755-47AF-9D1E-919A84B8A9B0}"
EndProject
Project("{FAE04EC0-301F-11D3-BF4B-00C04F79EFBC}") = "054-在子类中重新实现接口", "054-在子类中重新实现接口\054-在子类中重新实现接口.csproj", "{C1B01862-53B3-42F8-8F8B-0367DD43B3C0}"
EndProject
Project("{FAE04EC0-301F-11D3-BF4B-00C04F79EFBC}") = "055-接口和装箱", "055-接口和装箱\055-接口和装箱.csproj", "{7B4DBBA4-F5E7-46BA-A48A-4818CD7539D2}"
EndProject
Project("{FAE04EC0-301F-11D3-BF4B-00C04F79EFBC}") = "056-枚举类型", "056-枚举类型\056-枚举类型.csproj", "{8C515CE0-1506-492A-9797-8AA42DAA29B0}"
EndProject
Project("{FAE04EC0-301F-11D3-BF4B-00C04F79EFBC}") = "057-枚举类型转换", "057-枚举类型转换\057-枚举类型转换.csproj", "{DB611BCD-2647-482C-82A9-F2A2ED1D8EBD}"
EndProject
Project("{FAE04EC0-301F-11D3-BF4B-00C04F79EFBC}") = "058-标志枚举类型", "058-标志枚举类型\058-标志枚举类型.csproj", "{E76C1921-2F22-4DD0-89A1-89A609640537}"
EndProject
Project("{FAE04EC0-301F-11D3-BF4B-00C04F79EFBC}") = "059-嵌套类型", "059-嵌套类型\059-嵌套类型.csproj", "{7D538EE8-F1B3-4C5E-8532-9AA36E9AE53D}"
EndProject
Project("{FAE04EC0-301F-11D3-BF4B-00C04F79EFBC}") = "060-嵌套类型的例子", "060-嵌套类型的例子\060-嵌套类型的例子.csproj", "{7DC7BC5C-6B7A-451A-8259-941F4C677424}"
EndProject
Project("{FAE04EC0-301F-11D3-BF4B-00C04F79EFBC}") = "061-泛型", "061-泛型\061-泛型.csproj", "{1E2E7A89-0E4D-4AC1-9C8C-A0B096AB8765}"
EndProject
Project("{FAE04EC0-301F-11D3-BF4B-00C04F79EFBC}") = "050-访问权限修饰符(public)", "050-访问权限修饰符(public)\050-访问权限修饰符(public).csproj", "{5B3F5708-8EEF-44A4-A0AF-7BCE65564FE3}"
EndProject
Project("{FAE04EC0-301F-11D3-BF4B-00C04F79EFBC}") = "062-泛化方法", "062-泛化方法\062-泛化方法.csproj", "{FAAFC00D-9650-43B2-ABFF-40D323453F89}"
EndProject
Project("{FAE04EC0-301F-11D3-BF4B-00C04F79EFBC}") = "063-泛化的约束", "063-泛化的约束\063-泛化的约束.csproj", "{4C703004-3EB3-4FE4-8DB4-75583D07FEED}"
EndProject
Project("{FAE04EC0-301F-11D3-BF4B-00C04F79EFBC}") = "064-子类泛型", "064-子类泛型\064-子类泛型.csproj", "{CC182989-45DA-43F9-90FD-F7CCFA380322}"
EndProject
Project("{FAE04EC0-301F-11D3-BF4B-00C04F79EFBC}") = "065-自引用泛化声明", "065-自引用泛化声明\065-自引用泛化声明.csproj", "{EA88C5FD-C9E5-4995-B41F-5521D08453C5}"
EndProject
Project("{FAE04EC0-301F-11D3-BF4B-00C04F79EFBC}") = "066-静态数据", "066-静态数据\066-静态数据.csproj", "{FF8AA1D0-DEA8-4CB4-8788-1339E59F2406}"
EndProject
Project("{FAE04EC0-301F-11D3-BF4B-00C04F79EFBC}") = "067-类型参数的转换", "067-类型参数的转换\067-类型参数的转换.csproj", "{35AFF8EA-9790-4B08-86A9-1569F12B0FB4}"
EndProject
Project("{FAE04EC0-301F-11D3-BF4B-00C04F79EFBC}") = "068-协变(类)", "068-协变(类)\068-协变(类).csproj", "{1B2A9D01-0BAA-4379-B4F3-DD53646510B9}"
EndProject
Project("{FAE04EC0-301F-11D3-BF4B-00C04F79EFBC}") = "069-委托", "069-委托\069-委托.csproj", "{255DBC0D-70BB-4F3A-93EB-96BEFD3487E1}"
EndProject
Project("{FAE04EC0-301F-11D3-BF4B-00C04F79EFBC}") = "070-用委托写插入式方法", "070-用委托写插入式方法\070-用委托写插入式方法.csproj", "{8AD08551-2B77-4AA3-9DB5-2627608A3DB1}"
EndProject
Project("{FAE04EC0-301F-11D3-BF4B-00C04F79EFBC}") = "071-多播委托", "071-多播委托\071-多播委托.csproj", "{C9AE60B6-4C38-43A2-8C19-BFBA97075BAB}"
EndProject
Project("{FAE04EC0-301F-11D3-BF4B-00C04F79EFBC}") = "072-实例方法和静态方法的Targer属性", "072-实例方法和静态方法的Targer属性\072-实例方法和静态方法的Targer属性.csproj", "{CCB7765E-C79A-4EEC-9FF2-96B04D78A3AC}"
EndProject
Project("{FAE04EC0-301F-11D3-BF4B-00C04F79EFBC}") = "073-委托中的泛型", "073-委托中的泛型\073-委托中的泛型.csproj", "{0A6EC8E4-C5A7-4D17-9578-6E77DEC91FF7}"
EndProject
Project("{FAE04EC0-301F-11D3-BF4B-00C04F79EFBC}") = "074-Func和Action委托", "074-Func和Action委托\074-Func和Action委托.csproj", "{8C88D370-2A27-404C-BDD5-8BD13A7FACC6}"
EndProject
Project("{FAE04EC0-301F-11D3-BF4B-00C04F79EFBC}") = "075-委托和接口", "075-委托和接口\075-委托和接口.csproj", "{4621B4A6-A5AB-4B2D-8910-94E5BB98D0B7}"
EndProject
Project("{FAE04EC0-301F-11D3-BF4B-00C04F79EFBC}") = "076-事件", "076-事件\076-事件.csproj", "{5A671535-D6A4-47C5-BCFF-5D7F8BE0B7F5}"
EndProject
Project("{FAE04EC0-301F-11D3-BF4B-00C04F79EFBC}") = "077-事件实例(需要重点看,因为模糊)", "077-事件实例\077-事件实例(需要重点看,因为模糊).csproj", "{C3C85C8E-7FB2-416A-81C1-EC0C08023DFC}"
EndProject
Project("{FAE04EC0-301F-11D3-BF4B-00C04F79EFBC}") = "078-更深层理解事件(百度))(需要重点看,因为模糊)", "078-更深层理解事件(百度))\078-更深层理解事件(百度))(需要重点看,因为模糊).csproj", "{E2350395-F462-4A1F-AF8E-8509F34A0EAA}"
EndProject
Project("{FAE04EC0-301F-11D3-BF4B-00C04F79EFBC}") = "079-标准事件模式(需要重点看,因为模糊)", "079-标准事件模式\079-标准事件模式(需要重点看,因为模糊).csproj", "{CDFE6FDE-E3C7-43C2-ABF4-2B8F18E742B2}"
EndProject
Project("{FAE04EC0-301F-11D3-BF4B-00C04F79EFBC}") = "080-事件访问器", "080-事件访问器\080-事件访问器.csproj", "{275E555A-A729-4E40-8954-10551161C95E}"
EndProject
Project("{FAE04EC0-301F-11D3-BF4B-00C04F79EFBC}") = "081-事件修饰符", "081-事件修饰符\081-事件修饰符.csproj", "{33DF82EA-9811-48F9-BD81-5A54A54CE6A0}"
EndProject
Project("{FAE04EC0-301F-11D3-BF4B-00C04F79EFBC}") = "082-Lambda表达式", "082-Lambda表达式\082-Lambda表达式.csproj", "{75858641-D28C-4707-8FA0-670C7A462CA4}"
EndProject
Project("{FAE04EC0-301F-11D3-BF4B-00C04F79EFBC}") = "083-Lambda(捕获外部变量)", "083-Lambda(捕获外部变量)\083-Lambda(捕获外部变量).csproj", "{5490C50D-DA59-4C66-B694-D2BA9A1AA0DD}"
EndProject
Project("{FAE04EC0-301F-11D3-BF4B-00C04F79EFBC}") = "084-Lambda(捕获循环变量)", "084-Lambda(捕获循环变量)\084-Lambda(捕获循环变量).csproj", "{3673DE31-77F2-47F5-BB67-011EE2D67361}"
EndProject
Project("{FAE04EC0-301F-11D3-BF4B-00C04F79EFBC}") = "085-try语句和异常", "085-try语句和异常\085-try语句和异常.csproj", "{852CB85E-CDF2-4173-8680-75401171C713}"
EndProject
Project("{FAE04EC0-301F-11D3-BF4B-00C04F79EFBC}") = "086-catch子句", "086-catch子句\086-catch子句.csproj", "{32DC44A6-68B5-42EC-A0A5-9E05BEF76361}"
EndProject
Project("{FAE04EC0-301F-11D3-BF4B-00C04F79EFBC}") = "087-finally程序块", "087-finally程序块\087-finally程序块.csproj", "{099AED11-23CE-4967-936B-FBD1CE838631}"
EndProject
Project("{FAE04EC0-301F-11D3-BF4B-00C04F79EFBC}") = "088-抛出异常", "088-抛出异常\088-抛出异常.csproj", "{027434E1-0D43-44A0-8404-3CA2C538F852}"
EndProject
Project("{FAE04EC0-301F-11D3-BF4B-00C04F79EFBC}") = "089-重新抛出异常", "089-重新抛出异常\089-重新抛出异常.csproj", "{486C717E-379A-4AE6-8DA1-7F35FE644AD0}"
EndProject
Project("{FAE04EC0-301F-11D3-BF4B-00C04F79EFBC}") = "090-枚举类型(不理解or错的)", "090-枚举类型\090-枚举类型(不理解or错的).csproj", "{88B6807B-E098-4EA4-8EEF-B1A13586B2EE}"
EndProject
Project("{FAE04EC0-301F-11D3-BF4B-00C04F79EFBC}") = "091-迭代器", "091-迭代器\091-迭代器.csproj", "{E50564D8-2D5B-446B-9BE0-8D9AED5F9EDC}"
EndProject
Project("{FAE04EC0-301F-11D3-BF4B-00C04F79EFBC}") = "092-迭代器语义", "092-迭代器语义\092-迭代器语义.csproj", "{6BF171A5-D920-4B61-86C8-9BA8D8ED96EE}"
EndProject
Project("{FAE04EC0-301F-11D3-BF4B-00C04F79EFBC}") = "093-迭代器(组合序列)", "093-迭代器(组合序列)\093-迭代器(组合序列).csproj", "{8A8C3423-4F7F-42C6-AC4B-B70896D7A10E}"
EndProject
Project("{FAE04EC0-301F-11D3-BF4B-00C04F79EFBC}") = "094-可空类型", "094-可空类型\094-可空类型.csproj", "{AB9A03EF-E9F7-4519-BC6E-CEA2D3A80890}"
EndProject
Project("{FAE04EC0-301F-11D3-BF4B-00C04F79EFBC}") = "095-Nullable结构体(不理解or错的)", "095-Nullable结构体\095-Nullable结构体(不理解or错的).csproj", "{F7582EB7-2638-430A-A077-7EA71D502A59}"
EndProject
Project("{FAE04EC0-301F-11D3-BF4B-00C04F79EFBC}") = "096-运算符函数(不理解or错的)", "096-运算符函数\096-运算符函数(不理解or错的).csproj", "{55041314-6503-4411-929B-6A29A26EAAFF}"
EndProject
Project("{FAE04EC0-301F-11D3-BF4B-00C04F79EFBC}") = "097-重载true和false", "097-重载true和false\097-重载true和false.csproj", "{8AAC2216-338F-4010-ADB3-2D823C31A13E}"
EndProject
Project("{FAE04EC0-301F-11D3-BF4B-00C04F79EFBC}") = "098-重载true和false2(模糊)", "098-重载true和false2\098-重载true和false2(模糊).csproj", "{F4D7B16C-D9C5-4D78-9A45-36F5A619E322}"
EndProject
Project("{FAE04EC0-301F-11D3-BF4B-00C04F79EFBC}") = "099-扩展方法", "099-扩展方法\099-扩展方法.csproj", "{15B0571E-1F69-4D7F-B8D2-4540FD2F36B4}"
EndProject
Project("{FAE04EC0-301F-11D3-BF4B-00C04F79EFBC}") = "100-扩展方法链", "100-扩展方法链\100-扩展方法链.csproj", "{FC60684C-1BFA-4469-A279-1C4F3CC43C3D}"
EndProject
Project("{FAE04EC0-301F-11D3-BF4B-00C04F79EFBC}") = "101-多义性与解析", "101-多义性与解析\101-多义性与解析.csproj", "{EDF7FCEE-E92C-461B-8086-CEF1C8DE72ED}"
EndProject
Project("{FAE04EC0-301F-11D3-BF4B-00C04F79EFBC}") = "102-扩展方法与实例方法", "102-扩展方法与实例方法\102-扩展方法与实例方法.csproj", "{6C22E9A9-1E52-4267-AC8B-998E643C0E4D}"
EndProject
Project("{FAE04EC0-301F-11D3-BF4B-00C04F79EFBC}") = "103-扩展方法与扩展方法", "103-扩展方法与扩展方法\103-扩展方法与扩展方法.csproj", "{950A66EF-A725-4634-BE8D-0DF648AC4653}"
EndProject
Project("{FAE04EC0-301F-11D3-BF4B-00C04F79EFBC}") = "104-匿名类型", "104-匿名类型\104-匿名类型.csproj", "{DBA66049-9B02-42DB-94E9-A67FC56B6EC4}"
EndProject
Project("{FAE04EC0-301F-11D3-BF4B-00C04F79EFBC}") = "105-动态绑定", "105-动态绑定\105-动态绑定.csproj", "{2A711BC5-393F-4C5B-BA34-CB2EC5BC9C10}"
EndProject
Project("{FAE04EC0-301F-11D3-BF4B-00C04F79EFBC}") = "106-自定义绑定", "106-自定义绑定\106-自定义绑定.csproj", "{37047A4D-4C09-45D1-A806-BCE75E0BA681}"
EndProject
Project("{FAE04EC0-301F-11D3-BF4B-00C04F79EFBC}") = "107-语言绑定", "107-语言绑定\107-语言绑定.csproj", "{02A4B6E3-7FA6-4ECE-8E1F-CA867042EF10}"
EndProject
Project("{FAE04EC0-301F-11D3-BF4B-00C04F79EFBC}") = "108-动态类型的运行时表现", "108-动态类型的运行时表现\108-动态类型的运行时表现.csproj", "{9E8DA361-63C9-422F-9F94-7A415C2019C5}"
EndProject
Project("{FAE04EC0-301F-11D3-BF4B-00C04F79EFBC}") = "109-动态转换", "109-动态转换\109-动态转换.csproj", "{4902EA6D-264C-4E61-9547-1E5FD9B47540}"
EndProject
Project("{FAE04EC0-301F-11D3-BF4B-00C04F79EFBC}") = "110-var与dynamic", "110-var与dynamic\110-var与dynamic.csproj", "{C1828314-BEA2-421E-A06C-B9237C39CAE4}"
EndProject
Project("{FAE04EC0-301F-11D3-BF4B-00C04F79EFBC}") = "111-动态表达式", "111-动态表达式\111-动态表达式.csproj", "{FAA3BCD0-34C0-42B2-B133-A6FAA8F3C456}"
EndProject
Project("{FAE04EC0-301F-11D3-BF4B-00C04F79EFBC}") = "112-无动态接受者的动态调用", "112-无动态接受者的动态调用\112-无动态接受者的动态调用.csproj", "{0DF8CF4C-62FC-44D9-B48C-8D32A0E7713F}"
EndProject
Project("{FAE04EC0-301F-11D3-BF4B-00C04F79EFBC}") = "113-动态表达式的静态类型", "113-动态表达式的静态类型\113-动态表达式的静态类型.csproj", "{8835A582-0B19-4582-9906-158D07B63223}"
EndProject
Project("{FAE04EC0-301F-11D3-BF4B-00C04F79EFBC}") = "114-不可调用的函数", "114-不可调用的函数\114-不可调用的函数.csproj", "{D1D13408-5FE4-4C56-9501-0333C2E72FCD}"
EndProject
Project("{FAE04EC0-301F-11D3-BF4B-00C04F79EFBC}") = "115-属性类", "115-属性类\115-属性类.csproj", "{37A0D591-DD41-4FD4-B918-1CA58E9EC302}"
EndProject
Project("{FAE04EC0-301F-11D3-BF4B-00C04F79EFBC}") = "116-命名与位置属性参数", "116-命名与位置属性参数\116-命名与位置属性参数.csproj", "{B84A7BD2-3403-4572-B3C4-9C4BE6EB8D90}"
EndProject
Project("{FAE04EC0-301F-11D3-BF4B-00C04F79EFBC}") = "117-指定多个属性", "117-指定多个属性\117-指定多个属性.csproj", "{0AD09F15-D569-4AC9-A62F-F6089BC44A64}"
EndProject
Project("{FAE04EC0-301F-11D3-BF4B-00C04F79EFBC}") = "118-调用者信息属性(C++++5.0)", "118-调用者信息属性(C++++5.0)\118-调用者信息属性(C++++5.0).csproj", "{599EFFF6-0D1E-44C1-A456-F78D5B5BA539}"
EndProject
Project("{FAE04EC0-301F-11D3-BF4B-00C04F79EFBC}") = "119-调用者信息属性发生变化时触发一个变化通知事件", "119-调用者信息属性发生变化时触发一个变化通知事件\119-调用者信息属性发生变化时触发一个变化通知事件.csproj", "{FAFFD2D8-D00C-4622-AF5E-6B5BE3A6DDE3}"
EndProject
Project("{FAE04EC0-301F-11D3-BF4B-00C04F79EFBC}") = "120-不安全代码和指针", "120-不安全代码和指针\120-不安全代码和指针.csproj", "{3B6F7116-2882-451E-895F-A5BB1FEFAEA9}"
EndProject
Project("{FAE04EC0-301F-11D3-BF4B-00C04F79EFBC}") = "121-指向成员的指针运算符", "121-指向成员的指针运算符\121-指向成员的指针运算符.csproj", "{00B1EC18-1C35-403B-A96D-36EE49BD6B8A}"
EndProject
Project("{FAE04EC0-301F-11D3-BF4B-00C04F79EFBC}") = "122-数组(stackalloc关键字)", "122-数组(stackalloc关键字)\122-数组(stackalloc关键字).csproj", "{812FB0A7-943C-4890-B03B-F6507004A58A}"
EndProject
Project("{FAE04EC0-301F-11D3-BF4B-00C04F79EFBC}") = "123-固定大小的缓冲区(还没理解)", "123-固定大小的缓冲区\123-固定大小的缓冲区(还没理解).csproj", "{66943BB6-C408-4408-AEEA-5B70CDC015A3}"
EndProject
Project("{FAE04EC0-301F-11D3-BF4B-00C04F79EFBC}") = "124-void", "124-void\124-void.csproj", "{56608181-E611-4BDE-931F-38D582C25E53}"
EndProject
Project("{FAE04EC0-301F-11D3-BF4B-00C04F79EFBC}") = "125-预处理指令", "125-预处理指令\125-预处理指令.csproj", "{87620CED-5B49-497F-B1F2-145CEEF25741}"
EndProject
Project("{FAE04EC0-301F-11D3-BF4B-00C04F79EFBC}") = "126-Conditional属性", "126-Conditional属性\126-Conditional属性.csproj", "{389F8E9B-1543-48B0-B969-FEEFA3B161CD}"
EndProject
Project("{FAE04EC0-301F-11D3-BF4B-00C04F79EFBC}") = "127-XML文档", "127-XML文档\127-XML文档.csproj", "{9D611837-8410-4F7A-83C8-F7ECB5B5FCE8}"
EndProject
Project("{FAE04EC0-301F-11D3-BF4B-00C04F79EFBC}") = "128-标准的XML文档标签", "128-标准的XML文档标签\128-标准的XML文档标签.csproj", "{F86AE275-09C6-47FD-9C02-B298B007E37F}"
EndProject
Project("{FAE04EC0-301F-11D3-BF4B-00C04F79EFBC}") = "129-框架描述", "129-框架描述\129-框架描述.csproj", "{3425F917-CFFB-44E4-8494-6303F8276741}"
EndProject
Project("{FAE04EC0-301F-11D3-BF4B-00C04F79EFBC}") = "130-框架描述(查询)", "130-框架描述(查询)\130-框架描述(查询).csproj", "{3DA42B1F-E181-4805-8672-F22F8CFD678B}"
EndProject
Project("{FAE04EC0-301F-11D3-BF4B-00C04F79EFBC}") = "131-框架描述(XML)", "131-框架描述(XML)\131-框架描述(XML).csproj", "{D96364C6-E597-4156-9F36-B4C61E930950}"
EndProject
Project("{FAE04EC0-301F-11D3-BF4B-00C04F79EFBC}") = "132-诊断与代码协定", "132-诊断与代码协定\132-诊断与代码协定.csproj", "{A605EE70-E312-48EB-8AA2-89FE89575412}"
EndProject
Project("{FAE04EC0-301F-11D3-BF4B-00C04F79EFBC}") = "133-框架基础(字符)", "133-框架基础(字符)\133-框架基础(字符).csproj", "{3D3C6EE8-A535-4349-A13B-6CC40207FA9B}"
EndProject
Project("{FAE04EC0-301F-11D3-BF4B-00C04F79EFBC}") = "134-框架基础(字符串)", "134-框架基础(字符串)\134-框架基础(字符串).csproj", "{7F580789-832D-4FA5-9787-305B66771D57}"
EndProject
Project("{FAE04EC0-301F-11D3-BF4B-00C04F79EFBC}") = "135-(事件与委托)", "135-(事件与委托)\135-(事件与委托).csproj", "{74D953A9-E8B7-4676-8733-978AAD307F09}"
EndProject
Project("{FAE04EC0-301F-11D3-BF4B-00C04F79EFBC}") = "136-事件与委托", "136-事件与委托\136-事件与委托.csproj", "{C93A2533-7DD7-4B89-BDCA-5DD432816E29}"
EndProject
Project("{FAE04EC0-301F-11D3-BF4B-00C04F79EFBC}") = "137-IEnumerator关键字", "137-IEnumerator关键字\137-IEnumerator关键字.csproj", "{D15CDED0-F638-48A8-B794-50A65E2D1304}"
EndProject
Project("{FAE04EC0-301F-11D3-BF4B-00C04F79EFBC}") = "138-yield", "138-yield\138-yield.csproj", "{C6F4519E-C445-4738-AD0B-D343A76B5FDD}"
EndProject
Project("{FAE04EC0-301F-11D3-BF4B-00C04F79EFBC}") = "139-i++与++i区别", "139-i++与++i区别\139-i++与++i区别.csproj", "{2A1E4DD2-C2EA-4411-AA94-1D81463D4DD6}"
EndProject
Project("{FAE04EC0-301F-11D3-BF4B-00C04F79EFBC}") = "140-冒泡排序", "140-冒泡排序\140-冒泡排序.csproj", "{2035B244-CD2C-409F-A650-9E9450581236}"
EndProject
Project("{FAE04EC0-301F-11D3-BF4B-00C04F79EFBC}") = "141-判断float是否相等", "141-判断float是否相等\141-判断float是否相等.csproj", "{5F0D79E3-82CE-4201-95CC-1718CD266680}"
EndProject
Global
	GlobalSection(SolutionConfigurationPlatforms) = preSolution
		Debug|Any CPU = Debug|Any CPU
		Release|Any CPU = Release|Any CPU
	EndGlobalSection
	GlobalSection(ProjectConfigurationPlatforms) = postSolution
		{F0D8DE65-7348-42DD-8C7E-D9BD377145F0}.Debug|Any CPU.ActiveCfg = Debug|Any CPU
		{F0D8DE65-7348-42DD-8C7E-D9BD377145F0}.Debug|Any CPU.Build.0 = Debug|Any CPU
		{F0D8DE65-7348-42DD-8C7E-D9BD377145F0}.Release|Any CPU.ActiveCfg = Release|Any CPU
		{F0D8DE65-7348-42DD-8C7E-D9BD377145F0}.Release|Any CPU.Build.0 = Release|Any CPU
		{2E7A2596-C298-473F-B3FB-B37D241A5EBE}.Debug|Any CPU.ActiveCfg = Debug|Any CPU
		{2E7A2596-C298-473F-B3FB-B37D241A5EBE}.Debug|Any CPU.Build.0 = Debug|Any CPU
		{2E7A2596-C298-473F-B3FB-B37D241A5EBE}.Release|Any CPU.ActiveCfg = Release|Any CPU
		{2E7A2596-C298-473F-B3FB-B37D241A5EBE}.Release|Any CPU.Build.0 = Release|Any CPU
		{0496F33A-4D34-462A-A390-AA6B46EEC5F1}.Debug|Any CPU.ActiveCfg = Debug|Any CPU
		{0496F33A-4D34-462A-A390-AA6B46EEC5F1}.Debug|Any CPU.Build.0 = Debug|Any CPU
		{0496F33A-4D34-462A-A390-AA6B46EEC5F1}.Release|Any CPU.ActiveCfg = Release|Any CPU
		{0496F33A-4D34-462A-A390-AA6B46EEC5F1}.Release|Any CPU.Build.0 = Release|Any CPU
		{A77B8931-8606-44EC-85A0-DF0E3A238E3C}.Debug|Any CPU.ActiveCfg = Debug|Any CPU
		{A77B8931-8606-44EC-85A0-DF0E3A238E3C}.Debug|Any CPU.Build.0 = Debug|Any CPU
		{A77B8931-8606-44EC-85A0-DF0E3A238E3C}.Release|Any CPU.ActiveCfg = Release|Any CPU
		{A77B8931-8606-44EC-85A0-DF0E3A238E3C}.Release|Any CPU.Build.0 = Release|Any CPU
		{EBF9E8F1-8DC7-4432-B7A6-D1A0CE8B831B}.Debug|Any CPU.ActiveCfg = Debug|Any CPU
		{EBF9E8F1-8DC7-4432-B7A6-D1A0CE8B831B}.Debug|Any CPU.Build.0 = Debug|Any CPU
		{EBF9E8F1-8DC7-4432-B7A6-D1A0CE8B831B}.Release|Any CPU.ActiveCfg = Release|Any CPU
		{EBF9E8F1-8DC7-4432-B7A6-D1A0CE8B831B}.Release|Any CPU.Build.0 = Release|Any CPU
		{0CABAD7E-3FBF-4AE8-9D1A-CF0A5BA8A8AA}.Debug|Any CPU.ActiveCfg = Debug|Any CPU
		{0CABAD7E-3FBF-4AE8-9D1A-CF0A5BA8A8AA}.Debug|Any CPU.Build.0 = Debug|Any CPU
		{0CABAD7E-3FBF-4AE8-9D1A-CF0A5BA8A8AA}.Release|Any CPU.ActiveCfg = Release|Any CPU
		{0CABAD7E-3FBF-4AE8-9D1A-CF0A5BA8A8AA}.Release|Any CPU.Build.0 = Release|Any CPU
		{544650B3-E0E5-414F-8732-8754030BD2D1}.Debug|Any CPU.ActiveCfg = Debug|Any CPU
		{544650B3-E0E5-414F-8732-8754030BD2D1}.Debug|Any CPU.Build.0 = Debug|Any CPU
		{544650B3-E0E5-414F-8732-8754030BD2D1}.Release|Any CPU.ActiveCfg = Release|Any CPU
		{544650B3-E0E5-414F-8732-8754030BD2D1}.Release|Any CPU.Build.0 = Release|Any CPU
		{00E1BA8B-1819-4F60-921C-3080ED315E06}.Debug|Any CPU.ActiveCfg = Debug|Any CPU
		{00E1BA8B-1819-4F60-921C-3080ED315E06}.Debug|Any CPU.Build.0 = Debug|Any CPU
		{00E1BA8B-1819-4F60-921C-3080ED315E06}.Release|Any CPU.ActiveCfg = Release|Any CPU
		{00E1BA8B-1819-4F60-921C-3080ED315E06}.Release|Any CPU.Build.0 = Release|Any CPU
		{78526C5A-B88C-4006-A0F3-3173E6A37777}.Debug|Any CPU.ActiveCfg = Debug|Any CPU
		{78526C5A-B88C-4006-A0F3-3173E6A37777}.Debug|Any CPU.Build.0 = Debug|Any CPU
		{78526C5A-B88C-4006-A0F3-3173E6A37777}.Release|Any CPU.ActiveCfg = Release|Any CPU
		{78526C5A-B88C-4006-A0F3-3173E6A37777}.Release|Any CPU.Build.0 = Release|Any CPU
		{94BD88D6-1149-4582-9934-E8F8F10607AF}.Debug|Any CPU.ActiveCfg = Debug|Any CPU
		{94BD88D6-1149-4582-9934-E8F8F10607AF}.Debug|Any CPU.Build.0 = Debug|Any CPU
		{94BD88D6-1149-4582-9934-E8F8F10607AF}.Release|Any CPU.ActiveCfg = Release|Any CPU
		{94BD88D6-1149-4582-9934-E8F8F10607AF}.Release|Any CPU.Build.0 = Release|Any CPU
		{71697F62-7513-4C35-81EB-8C9B43745365}.Debug|Any CPU.ActiveCfg = Debug|Any CPU
		{71697F62-7513-4C35-81EB-8C9B43745365}.Debug|Any CPU.Build.0 = Debug|Any CPU
		{71697F62-7513-4C35-81EB-8C9B43745365}.Release|Any CPU.ActiveCfg = Release|Any CPU
		{71697F62-7513-4C35-81EB-8C9B43745365}.Release|Any CPU.Build.0 = Release|Any CPU
		{244F9E0E-709C-4B30-AF40-0507D047CCF4}.Debug|Any CPU.ActiveCfg = Debug|Any CPU
		{244F9E0E-709C-4B30-AF40-0507D047CCF4}.Debug|Any CPU.Build.0 = Debug|Any CPU
		{244F9E0E-709C-4B30-AF40-0507D047CCF4}.Release|Any CPU.ActiveCfg = Release|Any CPU
		{244F9E0E-709C-4B30-AF40-0507D047CCF4}.Release|Any CPU.Build.0 = Release|Any CPU
		{9EA22BD5-A54E-49CE-BCF9-5869FF5E3154}.Debug|Any CPU.ActiveCfg = Debug|Any CPU
		{9EA22BD5-A54E-49CE-BCF9-5869FF5E3154}.Debug|Any CPU.Build.0 = Debug|Any CPU
		{9EA22BD5-A54E-49CE-BCF9-5869FF5E3154}.Release|Any CPU.ActiveCfg = Release|Any CPU
		{9EA22BD5-A54E-49CE-BCF9-5869FF5E3154}.Release|Any CPU.Build.0 = Release|Any CPU
		{B7097250-9201-41EC-B17B-35493273B8FF}.Debug|Any CPU.ActiveCfg = Debug|Any CPU
		{B7097250-9201-41EC-B17B-35493273B8FF}.Debug|Any CPU.Build.0 = Debug|Any CPU
		{B7097250-9201-41EC-B17B-35493273B8FF}.Release|Any CPU.ActiveCfg = Release|Any CPU
		{B7097250-9201-41EC-B17B-35493273B8FF}.Release|Any CPU.Build.0 = Release|Any CPU
		{1A01CFCD-8A2A-4A15-B9E7-86ABB251875F}.Debug|Any CPU.ActiveCfg = Debug|Any CPU
		{1A01CFCD-8A2A-4A15-B9E7-86ABB251875F}.Debug|Any CPU.Build.0 = Debug|Any CPU
		{1A01CFCD-8A2A-4A15-B9E7-86ABB251875F}.Release|Any CPU.ActiveCfg = Release|Any CPU
		{1A01CFCD-8A2A-4A15-B9E7-86ABB251875F}.Release|Any CPU.Build.0 = Release|Any CPU
		{51E47186-E977-4360-AE8F-93DAD204D65F}.Debug|Any CPU.ActiveCfg = Debug|Any CPU
		{51E47186-E977-4360-AE8F-93DAD204D65F}.Debug|Any CPU.Build.0 = Debug|Any CPU
		{51E47186-E977-4360-AE8F-93DAD204D65F}.Release|Any CPU.ActiveCfg = Release|Any CPU
		{51E47186-E977-4360-AE8F-93DAD204D65F}.Release|Any CPU.Build.0 = Release|Any CPU
		{CE3AC3C6-4DA4-4356-858F-AB8CDB0B236F}.Debug|Any CPU.ActiveCfg = Debug|Any CPU
		{CE3AC3C6-4DA4-4356-858F-AB8CDB0B236F}.Debug|Any CPU.Build.0 = Debug|Any CPU
		{CE3AC3C6-4DA4-4356-858F-AB8CDB0B236F}.Release|Any CPU.ActiveCfg = Release|Any CPU
		{CE3AC3C6-4DA4-4356-858F-AB8CDB0B236F}.Release|Any CPU.Build.0 = Release|Any CPU
		{B7C88BCA-783F-436A-BE92-FB2712D1AF74}.Debug|Any CPU.ActiveCfg = Debug|Any CPU
		{B7C88BCA-783F-436A-BE92-FB2712D1AF74}.Debug|Any CPU.Build.0 = Debug|Any CPU
		{B7C88BCA-783F-436A-BE92-FB2712D1AF74}.Release|Any CPU.ActiveCfg = Release|Any CPU
		{B7C88BCA-783F-436A-BE92-FB2712D1AF74}.Release|Any CPU.Build.0 = Release|Any CPU
		{786FBDDB-6F9B-49D1-8308-65D6C7A7D653}.Debug|Any CPU.ActiveCfg = Debug|Any CPU
		{786FBDDB-6F9B-49D1-8308-65D6C7A7D653}.Debug|Any CPU.Build.0 = Debug|Any CPU
		{786FBDDB-6F9B-49D1-8308-65D6C7A7D653}.Release|Any CPU.ActiveCfg = Release|Any CPU
		{786FBDDB-6F9B-49D1-8308-65D6C7A7D653}.Release|Any CPU.Build.0 = Release|Any CPU
		{BB3DC57E-2C7C-4AD6-981A-756657030C09}.Debug|Any CPU.ActiveCfg = Debug|Any CPU
		{BB3DC57E-2C7C-4AD6-981A-756657030C09}.Debug|Any CPU.Build.0 = Debug|Any CPU
		{BB3DC57E-2C7C-4AD6-981A-756657030C09}.Release|Any CPU.ActiveCfg = Release|Any CPU
		{BB3DC57E-2C7C-4AD6-981A-756657030C09}.Release|Any CPU.Build.0 = Release|Any CPU
		{E45B14D7-4B2B-4FE6-BA06-5A5849840416}.Debug|Any CPU.ActiveCfg = Debug|Any CPU
		{E45B14D7-4B2B-4FE6-BA06-5A5849840416}.Debug|Any CPU.Build.0 = Debug|Any CPU
		{E45B14D7-4B2B-4FE6-BA06-5A5849840416}.Release|Any CPU.ActiveCfg = Release|Any CPU
		{E45B14D7-4B2B-4FE6-BA06-5A5849840416}.Release|Any CPU.Build.0 = Release|Any CPU
		{3990B8A2-E162-4F1B-9465-5D8B5957F89C}.Debug|Any CPU.ActiveCfg = Debug|Any CPU
		{3990B8A2-E162-4F1B-9465-5D8B5957F89C}.Debug|Any CPU.Build.0 = Debug|Any CPU
		{3990B8A2-E162-4F1B-9465-5D8B5957F89C}.Release|Any CPU.ActiveCfg = Release|Any CPU
		{3990B8A2-E162-4F1B-9465-5D8B5957F89C}.Release|Any CPU.Build.0 = Release|Any CPU
		{97349060-ADF4-41D6-805D-B4585E282F45}.Debug|Any CPU.ActiveCfg = Debug|Any CPU
		{97349060-ADF4-41D6-805D-B4585E282F45}.Debug|Any CPU.Build.0 = Debug|Any CPU
		{97349060-ADF4-41D6-805D-B4585E282F45}.Release|Any CPU.ActiveCfg = Release|Any CPU
		{97349060-ADF4-41D6-805D-B4585E282F45}.Release|Any CPU.Build.0 = Release|Any CPU
		{330725B2-B2B6-49E2-8EC9-B58D97542AB1}.Debug|Any CPU.ActiveCfg = Debug|Any CPU
		{330725B2-B2B6-49E2-8EC9-B58D97542AB1}.Debug|Any CPU.Build.0 = Debug|Any CPU
		{330725B2-B2B6-49E2-8EC9-B58D97542AB1}.Release|Any CPU.ActiveCfg = Release|Any CPU
		{330725B2-B2B6-49E2-8EC9-B58D97542AB1}.Release|Any CPU.Build.0 = Release|Any CPU
		{2E2320BE-3207-4A50-A924-387CD02395C7}.Debug|Any CPU.ActiveCfg = Debug|Any CPU
		{2E2320BE-3207-4A50-A924-387CD02395C7}.Debug|Any CPU.Build.0 = Debug|Any CPU
		{2E2320BE-3207-4A50-A924-387CD02395C7}.Release|Any CPU.ActiveCfg = Release|Any CPU
		{2E2320BE-3207-4A50-A924-387CD02395C7}.Release|Any CPU.Build.0 = Release|Any CPU
		{A78F219F-8BA2-4DB1-9927-452F08FE9876}.Debug|Any CPU.ActiveCfg = Debug|Any CPU
		{A78F219F-8BA2-4DB1-9927-452F08FE9876}.Debug|Any CPU.Build.0 = Debug|Any CPU
		{A78F219F-8BA2-4DB1-9927-452F08FE9876}.Release|Any CPU.ActiveCfg = Release|Any CPU
		{A78F219F-8BA2-4DB1-9927-452F08FE9876}.Release|Any CPU.Build.0 = Release|Any CPU
		{1007031A-953F-42AA-824D-9C2C8D7D8411}.Debug|Any CPU.ActiveCfg = Debug|Any CPU
		{1007031A-953F-42AA-824D-9C2C8D7D8411}.Debug|Any CPU.Build.0 = Debug|Any CPU
		{1007031A-953F-42AA-824D-9C2C8D7D8411}.Release|Any CPU.ActiveCfg = Release|Any CPU
		{1007031A-953F-42AA-824D-9C2C8D7D8411}.Release|Any CPU.Build.0 = Release|Any CPU
		{886F35C6-F4E2-4C38-A706-0B79917CCB2B}.Debug|Any CPU.ActiveCfg = Debug|Any CPU
		{886F35C6-F4E2-4C38-A706-0B79917CCB2B}.Debug|Any CPU.Build.0 = Debug|Any CPU
		{886F35C6-F4E2-4C38-A706-0B79917CCB2B}.Release|Any CPU.ActiveCfg = Release|Any CPU
		{886F35C6-F4E2-4C38-A706-0B79917CCB2B}.Release|Any CPU.Build.0 = Release|Any CPU
		{28C82C17-5A28-4846-80D0-3FDB84C0261A}.Debug|Any CPU.ActiveCfg = Debug|Any CPU
		{28C82C17-5A28-4846-80D0-3FDB84C0261A}.Debug|Any CPU.Build.0 = Debug|Any CPU
		{28C82C17-5A28-4846-80D0-3FDB84C0261A}.Release|Any CPU.ActiveCfg = Release|Any CPU
		{28C82C17-5A28-4846-80D0-3FDB84C0261A}.Release|Any CPU.Build.0 = Release|Any CPU
		{DDAA844A-8B05-4ABB-A840-13E30746BEF4}.Debug|Any CPU.ActiveCfg = Debug|Any CPU
		{DDAA844A-8B05-4ABB-A840-13E30746BEF4}.Debug|Any CPU.Build.0 = Debug|Any CPU
		{DDAA844A-8B05-4ABB-A840-13E30746BEF4}.Release|Any CPU.ActiveCfg = Release|Any CPU
		{DDAA844A-8B05-4ABB-A840-13E30746BEF4}.Release|Any CPU.Build.0 = Release|Any CPU
		{65BF9E44-BEEC-465F-8FB9-A006B518E004}.Debug|Any CPU.ActiveCfg = Debug|Any CPU
		{65BF9E44-BEEC-465F-8FB9-A006B518E004}.Debug|Any CPU.Build.0 = Debug|Any CPU
		{65BF9E44-BEEC-465F-8FB9-A006B518E004}.Release|Any CPU.ActiveCfg = Release|Any CPU
		{65BF9E44-BEEC-465F-8FB9-A006B518E004}.Release|Any CPU.Build.0 = Release|Any CPU
		{29546569-6417-4FA7-BF1D-3C0C69D9F6DB}.Debug|Any CPU.ActiveCfg = Debug|Any CPU
		{29546569-6417-4FA7-BF1D-3C0C69D9F6DB}.Debug|Any CPU.Build.0 = Debug|Any CPU
		{29546569-6417-4FA7-BF1D-3C0C69D9F6DB}.Release|Any CPU.ActiveCfg = Release|Any CPU
		{29546569-6417-4FA7-BF1D-3C0C69D9F6DB}.Release|Any CPU.Build.0 = Release|Any CPU
		{441342A1-EC48-4163-93D8-B431CB1A71AB}.Debug|Any CPU.ActiveCfg = Debug|Any CPU
		{441342A1-EC48-4163-93D8-B431CB1A71AB}.Debug|Any CPU.Build.0 = Debug|Any CPU
		{441342A1-EC48-4163-93D8-B431CB1A71AB}.Release|Any CPU.ActiveCfg = Release|Any CPU
		{441342A1-EC48-4163-93D8-B431CB1A71AB}.Release|Any CPU.Build.0 = Release|Any CPU
		{264669E0-7C16-43AB-B9EA-36DE6B291A88}.Debug|Any CPU.ActiveCfg = Debug|Any CPU
		{264669E0-7C16-43AB-B9EA-36DE6B291A88}.Debug|Any CPU.Build.0 = Debug|Any CPU
		{264669E0-7C16-43AB-B9EA-36DE6B291A88}.Release|Any CPU.ActiveCfg = Release|Any CPU
		{264669E0-7C16-43AB-B9EA-36DE6B291A88}.Release|Any CPU.Build.0 = Release|Any CPU
		{F44CC679-5324-4A1D-B714-CA4506870FAE}.Debug|Any CPU.ActiveCfg = Debug|Any CPU
		{F44CC679-5324-4A1D-B714-CA4506870FAE}.Debug|Any CPU.Build.0 = Debug|Any CPU
		{F44CC679-5324-4A1D-B714-CA4506870FAE}.Release|Any CPU.ActiveCfg = Release|Any CPU
		{F44CC679-5324-4A1D-B714-CA4506870FAE}.Release|Any CPU.Build.0 = Release|Any CPU
		{FA926ADB-E923-4D3D-8EEE-FFF558A46FA7}.Debug|Any CPU.ActiveCfg = Debug|Any CPU
		{FA926ADB-E923-4D3D-8EEE-FFF558A46FA7}.Debug|Any CPU.Build.0 = Debug|Any CPU
		{FA926ADB-E923-4D3D-8EEE-FFF558A46FA7}.Release|Any CPU.ActiveCfg = Release|Any CPU
		{FA926ADB-E923-4D3D-8EEE-FFF558A46FA7}.Release|Any CPU.Build.0 = Release|Any CPU
		{35D2DEE4-C15F-42D3-88D7-612F2112F170}.Debug|Any CPU.ActiveCfg = Debug|Any CPU
		{35D2DEE4-C15F-42D3-88D7-612F2112F170}.Debug|Any CPU.Build.0 = Debug|Any CPU
		{35D2DEE4-C15F-42D3-88D7-612F2112F170}.Release|Any CPU.ActiveCfg = Release|Any CPU
		{35D2DEE4-C15F-42D3-88D7-612F2112F170}.Release|Any CPU.Build.0 = Release|Any CPU
		{525E180F-25DE-4637-AC60-6DB5D8B58522}.Debug|Any CPU.ActiveCfg = Debug|Any CPU
		{525E180F-25DE-4637-AC60-6DB5D8B58522}.Debug|Any CPU.Build.0 = Debug|Any CPU
		{525E180F-25DE-4637-AC60-6DB5D8B58522}.Release|Any CPU.ActiveCfg = Release|Any CPU
		{525E180F-25DE-4637-AC60-6DB5D8B58522}.Release|Any CPU.Build.0 = Release|Any CPU
		{358BD47F-6F9A-4CB1-97CC-80B73609E0AC}.Debug|Any CPU.ActiveCfg = Debug|Any CPU
		{358BD47F-6F9A-4CB1-97CC-80B73609E0AC}.Debug|Any CPU.Build.0 = Debug|Any CPU
		{358BD47F-6F9A-4CB1-97CC-80B73609E0AC}.Release|Any CPU.ActiveCfg = Release|Any CPU
		{358BD47F-6F9A-4CB1-97CC-80B73609E0AC}.Release|Any CPU.Build.0 = Release|Any CPU
		{E06D64C0-1757-4EB7-AC13-0EEAFB1DC001}.Debug|Any CPU.ActiveCfg = Debug|Any CPU
		{E06D64C0-1757-4EB7-AC13-0EEAFB1DC001}.Debug|Any CPU.Build.0 = Debug|Any CPU
		{E06D64C0-1757-4EB7-AC13-0EEAFB1DC001}.Release|Any CPU.ActiveCfg = Release|Any CPU
		{E06D64C0-1757-4EB7-AC13-0EEAFB1DC001}.Release|Any CPU.Build.0 = Release|Any CPU
		{EC1A77E4-8466-4EC0-985B-B7A68AA1A377}.Debug|Any CPU.ActiveCfg = Debug|Any CPU
		{EC1A77E4-8466-4EC0-985B-B7A68AA1A377}.Debug|Any CPU.Build.0 = Debug|Any CPU
		{EC1A77E4-8466-4EC0-985B-B7A68AA1A377}.Release|Any CPU.ActiveCfg = Release|Any CPU
		{EC1A77E4-8466-4EC0-985B-B7A68AA1A377}.Release|Any CPU.Build.0 = Release|Any CPU
		{E9F6FFBB-175F-4472-8BC5-3CE08074B169}.Debug|Any CPU.ActiveCfg = Debug|Any CPU
		{E9F6FFBB-175F-4472-8BC5-3CE08074B169}.Debug|Any CPU.Build.0 = Debug|Any CPU
		{E9F6FFBB-175F-4472-8BC5-3CE08074B169}.Release|Any CPU.ActiveCfg = Release|Any CPU
		{E9F6FFBB-175F-4472-8BC5-3CE08074B169}.Release|Any CPU.Build.0 = Release|Any CPU
		{B3ED8484-6736-435A-8118-9DACB46C2400}.Debug|Any CPU.ActiveCfg = Debug|Any CPU
		{B3ED8484-6736-435A-8118-9DACB46C2400}.Debug|Any CPU.Build.0 = Debug|Any CPU
		{B3ED8484-6736-435A-8118-9DACB46C2400}.Release|Any CPU.ActiveCfg = Release|Any CPU
		{B3ED8484-6736-435A-8118-9DACB46C2400}.Release|Any CPU.Build.0 = Release|Any CPU
		{1FC3723B-ED79-499A-838E-D012C0292844}.Debug|Any CPU.ActiveCfg = Debug|Any CPU
		{1FC3723B-ED79-499A-838E-D012C0292844}.Debug|Any CPU.Build.0 = Debug|Any CPU
		{1FC3723B-ED79-499A-838E-D012C0292844}.Release|Any CPU.ActiveCfg = Release|Any CPU
		{1FC3723B-ED79-499A-838E-D012C0292844}.Release|Any CPU.Build.0 = Release|Any CPU
		{44C65EC8-0210-47FD-8FDE-679F034AB74B}.Debug|Any CPU.ActiveCfg = Debug|Any CPU
		{44C65EC8-0210-47FD-8FDE-679F034AB74B}.Debug|Any CPU.Build.0 = Debug|Any CPU
		{44C65EC8-0210-47FD-8FDE-679F034AB74B}.Release|Any CPU.ActiveCfg = Release|Any CPU
		{44C65EC8-0210-47FD-8FDE-679F034AB74B}.Release|Any CPU.Build.0 = Release|Any CPU
		{F1E36F0A-3C82-46A9-BA1C-142475871674}.Debug|Any CPU.ActiveCfg = Debug|Any CPU
		{F1E36F0A-3C82-46A9-BA1C-142475871674}.Debug|Any CPU.Build.0 = Debug|Any CPU
		{F1E36F0A-3C82-46A9-BA1C-142475871674}.Release|Any CPU.ActiveCfg = Release|Any CPU
		{F1E36F0A-3C82-46A9-BA1C-142475871674}.Release|Any CPU.Build.0 = Release|Any CPU
		{BD77A891-C008-46BB-9BB9-8F9FD3BFE2AF}.Debug|Any CPU.ActiveCfg = Debug|Any CPU
		{BD77A891-C008-46BB-9BB9-8F9FD3BFE2AF}.Debug|Any CPU.Build.0 = Debug|Any CPU
		{BD77A891-C008-46BB-9BB9-8F9FD3BFE2AF}.Release|Any CPU.ActiveCfg = Release|Any CPU
		{BD77A891-C008-46BB-9BB9-8F9FD3BFE2AF}.Release|Any CPU.Build.0 = Release|Any CPU
		{04A4D70E-3739-48EC-8276-4D4469511AAD}.Debug|Any CPU.ActiveCfg = Debug|Any CPU
		{04A4D70E-3739-48EC-8276-4D4469511AAD}.Debug|Any CPU.Build.0 = Debug|Any CPU
		{04A4D70E-3739-48EC-8276-4D4469511AAD}.Release|Any CPU.ActiveCfg = Release|Any CPU
		{04A4D70E-3739-48EC-8276-4D4469511AAD}.Release|Any CPU.Build.0 = Release|Any CPU
		{7B1313F1-4E5B-430C-8201-406B6EFF367D}.Debug|Any CPU.ActiveCfg = Debug|Any CPU
		{7B1313F1-4E5B-430C-8201-406B6EFF367D}.Debug|Any CPU.Build.0 = Debug|Any CPU
		{7B1313F1-4E5B-430C-8201-406B6EFF367D}.Release|Any CPU.ActiveCfg = Release|Any CPU
		{7B1313F1-4E5B-430C-8201-406B6EFF367D}.Release|Any CPU.Build.0 = Release|Any CPU
		{280F9289-2908-4573-949C-06BF9ABCC956}.Debug|Any CPU.ActiveCfg = Debug|Any CPU
		{280F9289-2908-4573-949C-06BF9ABCC956}.Debug|Any CPU.Build.0 = Debug|Any CPU
		{280F9289-2908-4573-949C-06BF9ABCC956}.Release|Any CPU.ActiveCfg = Release|Any CPU
		{280F9289-2908-4573-949C-06BF9ABCC956}.Release|Any CPU.Build.0 = Release|Any CPU
		{6E6CF2B5-23CD-4D35-8BBD-48AC1EA554F8}.Debug|Any CPU.ActiveCfg = Debug|Any CPU
		{6E6CF2B5-23CD-4D35-8BBD-48AC1EA554F8}.Debug|Any CPU.Build.0 = Debug|Any CPU
		{6E6CF2B5-23CD-4D35-8BBD-48AC1EA554F8}.Release|Any CPU.ActiveCfg = Release|Any CPU
		{6E6CF2B5-23CD-4D35-8BBD-48AC1EA554F8}.Release|Any CPU.Build.0 = Release|Any CPU
		{E52B5EE5-3755-47AF-9D1E-919A84B8A9B0}.Debug|Any CPU.ActiveCfg = Debug|Any CPU
		{E52B5EE5-3755-47AF-9D1E-919A84B8A9B0}.Debug|Any CPU.Build.0 = Debug|Any CPU
		{E52B5EE5-3755-47AF-9D1E-919A84B8A9B0}.Release|Any CPU.ActiveCfg = Release|Any CPU
		{E52B5EE5-3755-47AF-9D1E-919A84B8A9B0}.Release|Any CPU.Build.0 = Release|Any CPU
		{C1B01862-53B3-42F8-8F8B-0367DD43B3C0}.Debug|Any CPU.ActiveCfg = Debug|Any CPU
		{C1B01862-53B3-42F8-8F8B-0367DD43B3C0}.Debug|Any CPU.Build.0 = Debug|Any CPU
		{C1B01862-53B3-42F8-8F8B-0367DD43B3C0}.Release|Any CPU.ActiveCfg = Release|Any CPU
		{C1B01862-53B3-42F8-8F8B-0367DD43B3C0}.Release|Any CPU.Build.0 = Release|Any CPU
		{7B4DBBA4-F5E7-46BA-A48A-4818CD7539D2}.Debug|Any CPU.ActiveCfg = Debug|Any CPU
		{7B4DBBA4-F5E7-46BA-A48A-4818CD7539D2}.Debug|Any CPU.Build.0 = Debug|Any CPU
		{7B4DBBA4-F5E7-46BA-A48A-4818CD7539D2}.Release|Any CPU.ActiveCfg = Release|Any CPU
		{7B4DBBA4-F5E7-46BA-A48A-4818CD7539D2}.Release|Any CPU.Build.0 = Release|Any CPU
		{8C515CE0-1506-492A-9797-8AA42DAA29B0}.Debug|Any CPU.ActiveCfg = Debug|Any CPU
		{8C515CE0-1506-492A-9797-8AA42DAA29B0}.Debug|Any CPU.Build.0 = Debug|Any CPU
		{8C515CE0-1506-492A-9797-8AA42DAA29B0}.Release|Any CPU.ActiveCfg = Release|Any CPU
		{8C515CE0-1506-492A-9797-8AA42DAA29B0}.Release|Any CPU.Build.0 = Release|Any CPU
		{DB611BCD-2647-482C-82A9-F2A2ED1D8EBD}.Debug|Any CPU.ActiveCfg = Debug|Any CPU
		{DB611BCD-2647-482C-82A9-F2A2ED1D8EBD}.Debug|Any CPU.Build.0 = Debug|Any CPU
		{DB611BCD-2647-482C-82A9-F2A2ED1D8EBD}.Release|Any CPU.ActiveCfg = Release|Any CPU
		{DB611BCD-2647-482C-82A9-F2A2ED1D8EBD}.Release|Any CPU.Build.0 = Release|Any CPU
		{E76C1921-2F22-4DD0-89A1-89A609640537}.Debug|Any CPU.ActiveCfg = Debug|Any CPU
		{E76C1921-2F22-4DD0-89A1-89A609640537}.Debug|Any CPU.Build.0 = Debug|Any CPU
		{E76C1921-2F22-4DD0-89A1-89A609640537}.Release|Any CPU.ActiveCfg = Release|Any CPU
		{E76C1921-2F22-4DD0-89A1-89A609640537}.Release|Any CPU.Build.0 = Release|Any CPU
		{7D538EE8-F1B3-4C5E-8532-9AA36E9AE53D}.Debug|Any CPU.ActiveCfg = Debug|Any CPU
		{7D538EE8-F1B3-4C5E-8532-9AA36E9AE53D}.Debug|Any CPU.Build.0 = Debug|Any CPU
		{7D538EE8-F1B3-4C5E-8532-9AA36E9AE53D}.Release|Any CPU.ActiveCfg = Release|Any CPU
		{7D538EE8-F1B3-4C5E-8532-9AA36E9AE53D}.Release|Any CPU.Build.0 = Release|Any CPU
		{7DC7BC5C-6B7A-451A-8259-941F4C677424}.Debug|Any CPU.ActiveCfg = Debug|Any CPU
		{7DC7BC5C-6B7A-451A-8259-941F4C677424}.Debug|Any CPU.Build.0 = Debug|Any CPU
		{7DC7BC5C-6B7A-451A-8259-941F4C677424}.Release|Any CPU.ActiveCfg = Release|Any CPU
		{7DC7BC5C-6B7A-451A-8259-941F4C677424}.Release|Any CPU.Build.0 = Release|Any CPU
		{1E2E7A89-0E4D-4AC1-9C8C-A0B096AB8765}.Debug|Any CPU.ActiveCfg = Debug|Any CPU
		{1E2E7A89-0E4D-4AC1-9C8C-A0B096AB8765}.Debug|Any CPU.Build.0 = Debug|Any CPU
		{1E2E7A89-0E4D-4AC1-9C8C-A0B096AB8765}.Release|Any CPU.ActiveCfg = Release|Any CPU
		{1E2E7A89-0E4D-4AC1-9C8C-A0B096AB8765}.Release|Any CPU.Build.0 = Release|Any CPU
		{5B3F5708-8EEF-44A4-A0AF-7BCE65564FE3}.Debug|Any CPU.ActiveCfg = Debug|Any CPU
		{5B3F5708-8EEF-44A4-A0AF-7BCE65564FE3}.Debug|Any CPU.Build.0 = Debug|Any CPU
		{5B3F5708-8EEF-44A4-A0AF-7BCE65564FE3}.Release|Any CPU.ActiveCfg = Release|Any CPU
		{5B3F5708-8EEF-44A4-A0AF-7BCE65564FE3}.Release|Any CPU.Build.0 = Release|Any CPU
		{FAAFC00D-9650-43B2-ABFF-40D323453F89}.Debug|Any CPU.ActiveCfg = Debug|Any CPU
		{FAAFC00D-9650-43B2-ABFF-40D323453F89}.Debug|Any CPU.Build.0 = Debug|Any CPU
		{FAAFC00D-9650-43B2-ABFF-40D323453F89}.Release|Any CPU.ActiveCfg = Release|Any CPU
		{FAAFC00D-9650-43B2-ABFF-40D323453F89}.Release|Any CPU.Build.0 = Release|Any CPU
		{4C703004-3EB3-4FE4-8DB4-75583D07FEED}.Debug|Any CPU.ActiveCfg = Debug|Any CPU
		{4C703004-3EB3-4FE4-8DB4-75583D07FEED}.Debug|Any CPU.Build.0 = Debug|Any CPU
		{4C703004-3EB3-4FE4-8DB4-75583D07FEED}.Release|Any CPU.ActiveCfg = Release|Any CPU
		{4C703004-3EB3-4FE4-8DB4-75583D07FEED}.Release|Any CPU.Build.0 = Release|Any CPU
		{CC182989-45DA-43F9-90FD-F7CCFA380322}.Debug|Any CPU.ActiveCfg = Debug|Any CPU
		{CC182989-45DA-43F9-90FD-F7CCFA380322}.Debug|Any CPU.Build.0 = Debug|Any CPU
		{CC182989-45DA-43F9-90FD-F7CCFA380322}.Release|Any CPU.ActiveCfg = Release|Any CPU
		{CC182989-45DA-43F9-90FD-F7CCFA380322}.Release|Any CPU.Build.0 = Release|Any CPU
		{EA88C5FD-C9E5-4995-B41F-5521D08453C5}.Debug|Any CPU.ActiveCfg = Debug|Any CPU
		{EA88C5FD-C9E5-4995-B41F-5521D08453C5}.Debug|Any CPU.Build.0 = Debug|Any CPU
		{EA88C5FD-C9E5-4995-B41F-5521D08453C5}.Release|Any CPU.ActiveCfg = Release|Any CPU
		{EA88C5FD-C9E5-4995-B41F-5521D08453C5}.Release|Any CPU.Build.0 = Release|Any CPU
		{FF8AA1D0-DEA8-4CB4-8788-1339E59F2406}.Debug|Any CPU.ActiveCfg = Debug|Any CPU
		{FF8AA1D0-DEA8-4CB4-8788-1339E59F2406}.Debug|Any CPU.Build.0 = Debug|Any CPU
		{FF8AA1D0-DEA8-4CB4-8788-1339E59F2406}.Release|Any CPU.ActiveCfg = Release|Any CPU
		{FF8AA1D0-DEA8-4CB4-8788-1339E59F2406}.Release|Any CPU.Build.0 = Release|Any CPU
		{35AFF8EA-9790-4B08-86A9-1569F12B0FB4}.Debug|Any CPU.ActiveCfg = Debug|Any CPU
		{35AFF8EA-9790-4B08-86A9-1569F12B0FB4}.Debug|Any CPU.Build.0 = Debug|Any CPU
		{35AFF8EA-9790-4B08-86A9-1569F12B0FB4}.Release|Any CPU.ActiveCfg = Release|Any CPU
		{35AFF8EA-9790-4B08-86A9-1569F12B0FB4}.Release|Any CPU.Build.0 = Release|Any CPU
		{1B2A9D01-0BAA-4379-B4F3-DD53646510B9}.Debug|Any CPU.ActiveCfg = Debug|Any CPU
		{1B2A9D01-0BAA-4379-B4F3-DD53646510B9}.Debug|Any CPU.Build.0 = Debug|Any CPU
		{1B2A9D01-0BAA-4379-B4F3-DD53646510B9}.Release|Any CPU.ActiveCfg = Release|Any CPU
		{1B2A9D01-0BAA-4379-B4F3-DD53646510B9}.Release|Any CPU.Build.0 = Release|Any CPU
		{255DBC0D-70BB-4F3A-93EB-96BEFD3487E1}.Debug|Any CPU.ActiveCfg = Debug|Any CPU
		{255DBC0D-70BB-4F3A-93EB-96BEFD3487E1}.Debug|Any CPU.Build.0 = Debug|Any CPU
		{255DBC0D-70BB-4F3A-93EB-96BEFD3487E1}.Release|Any CPU.ActiveCfg = Release|Any CPU
		{255DBC0D-70BB-4F3A-93EB-96BEFD3487E1}.Release|Any CPU.Build.0 = Release|Any CPU
		{8AD08551-2B77-4AA3-9DB5-2627608A3DB1}.Debug|Any CPU.ActiveCfg = Debug|Any CPU
		{8AD08551-2B77-4AA3-9DB5-2627608A3DB1}.Debug|Any CPU.Build.0 = Debug|Any CPU
		{8AD08551-2B77-4AA3-9DB5-2627608A3DB1}.Release|Any CPU.ActiveCfg = Release|Any CPU
		{8AD08551-2B77-4AA3-9DB5-2627608A3DB1}.Release|Any CPU.Build.0 = Release|Any CPU
		{C9AE60B6-4C38-43A2-8C19-BFBA97075BAB}.Debug|Any CPU.ActiveCfg = Debug|Any CPU
		{C9AE60B6-4C38-43A2-8C19-BFBA97075BAB}.Debug|Any CPU.Build.0 = Debug|Any CPU
		{C9AE60B6-4C38-43A2-8C19-BFBA97075BAB}.Release|Any CPU.ActiveCfg = Release|Any CPU
		{C9AE60B6-4C38-43A2-8C19-BFBA97075BAB}.Release|Any CPU.Build.0 = Release|Any CPU
		{CCB7765E-C79A-4EEC-9FF2-96B04D78A3AC}.Debug|Any CPU.ActiveCfg = Debug|Any CPU
		{CCB7765E-C79A-4EEC-9FF2-96B04D78A3AC}.Debug|Any CPU.Build.0 = Debug|Any CPU
		{CCB7765E-C79A-4EEC-9FF2-96B04D78A3AC}.Release|Any CPU.ActiveCfg = Release|Any CPU
		{CCB7765E-C79A-4EEC-9FF2-96B04D78A3AC}.Release|Any CPU.Build.0 = Release|Any CPU
		{0A6EC8E4-C5A7-4D17-9578-6E77DEC91FF7}.Debug|Any CPU.ActiveCfg = Debug|Any CPU
		{0A6EC8E4-C5A7-4D17-9578-6E77DEC91FF7}.Debug|Any CPU.Build.0 = Debug|Any CPU
		{0A6EC8E4-C5A7-4D17-9578-6E77DEC91FF7}.Release|Any CPU.ActiveCfg = Release|Any CPU
		{0A6EC8E4-C5A7-4D17-9578-6E77DEC91FF7}.Release|Any CPU.Build.0 = Release|Any CPU
		{8C88D370-2A27-404C-BDD5-8BD13A7FACC6}.Debug|Any CPU.ActiveCfg = Debug|Any CPU
		{8C88D370-2A27-404C-BDD5-8BD13A7FACC6}.Debug|Any CPU.Build.0 = Debug|Any CPU
		{8C88D370-2A27-404C-BDD5-8BD13A7FACC6}.Release|Any CPU.ActiveCfg = Release|Any CPU
		{8C88D370-2A27-404C-BDD5-8BD13A7FACC6}.Release|Any CPU.Build.0 = Release|Any CPU
		{4621B4A6-A5AB-4B2D-8910-94E5BB98D0B7}.Debug|Any CPU.ActiveCfg = Debug|Any CPU
		{4621B4A6-A5AB-4B2D-8910-94E5BB98D0B7}.Debug|Any CPU.Build.0 = Debug|Any CPU
		{4621B4A6-A5AB-4B2D-8910-94E5BB98D0B7}.Release|Any CPU.ActiveCfg = Release|Any CPU
		{4621B4A6-A5AB-4B2D-8910-94E5BB98D0B7}.Release|Any CPU.Build.0 = Release|Any CPU
		{5A671535-D6A4-47C5-BCFF-5D7F8BE0B7F5}.Debug|Any CPU.ActiveCfg = Debug|Any CPU
		{5A671535-D6A4-47C5-BCFF-5D7F8BE0B7F5}.Debug|Any CPU.Build.0 = Debug|Any CPU
		{5A671535-D6A4-47C5-BCFF-5D7F8BE0B7F5}.Release|Any CPU.ActiveCfg = Release|Any CPU
		{5A671535-D6A4-47C5-BCFF-5D7F8BE0B7F5}.Release|Any CPU.Build.0 = Release|Any CPU
		{C3C85C8E-7FB2-416A-81C1-EC0C08023DFC}.Debug|Any CPU.ActiveCfg = Debug|Any CPU
		{C3C85C8E-7FB2-416A-81C1-EC0C08023DFC}.Debug|Any CPU.Build.0 = Debug|Any CPU
		{C3C85C8E-7FB2-416A-81C1-EC0C08023DFC}.Release|Any CPU.ActiveCfg = Release|Any CPU
		{C3C85C8E-7FB2-416A-81C1-EC0C08023DFC}.Release|Any CPU.Build.0 = Release|Any CPU
		{E2350395-F462-4A1F-AF8E-8509F34A0EAA}.Debug|Any CPU.ActiveCfg = Debug|Any CPU
		{E2350395-F462-4A1F-AF8E-8509F34A0EAA}.Debug|Any CPU.Build.0 = Debug|Any CPU
		{E2350395-F462-4A1F-AF8E-8509F34A0EAA}.Release|Any CPU.ActiveCfg = Release|Any CPU
		{E2350395-F462-4A1F-AF8E-8509F34A0EAA}.Release|Any CPU.Build.0 = Release|Any CPU
		{CDFE6FDE-E3C7-43C2-ABF4-2B8F18E742B2}.Debug|Any CPU.ActiveCfg = Debug|Any CPU
		{CDFE6FDE-E3C7-43C2-ABF4-2B8F18E742B2}.Debug|Any CPU.Build.0 = Debug|Any CPU
		{CDFE6FDE-E3C7-43C2-ABF4-2B8F18E742B2}.Release|Any CPU.ActiveCfg = Release|Any CPU
		{CDFE6FDE-E3C7-43C2-ABF4-2B8F18E742B2}.Release|Any CPU.Build.0 = Release|Any CPU
		{275E555A-A729-4E40-8954-10551161C95E}.Debug|Any CPU.ActiveCfg = Debug|Any CPU
		{275E555A-A729-4E40-8954-10551161C95E}.Debug|Any CPU.Build.0 = Debug|Any CPU
		{275E555A-A729-4E40-8954-10551161C95E}.Release|Any CPU.ActiveCfg = Release|Any CPU
		{275E555A-A729-4E40-8954-10551161C95E}.Release|Any CPU.Build.0 = Release|Any CPU
		{33DF82EA-9811-48F9-BD81-5A54A54CE6A0}.Debug|Any CPU.ActiveCfg = Debug|Any CPU
		{33DF82EA-9811-48F9-BD81-5A54A54CE6A0}.Debug|Any CPU.Build.0 = Debug|Any CPU
		{33DF82EA-9811-48F9-BD81-5A54A54CE6A0}.Release|Any CPU.ActiveCfg = Release|Any CPU
		{33DF82EA-9811-48F9-BD81-5A54A54CE6A0}.Release|Any CPU.Build.0 = Release|Any CPU
		{75858641-D28C-4707-8FA0-670C7A462CA4}.Debug|Any CPU.ActiveCfg = Debug|Any CPU
		{75858641-D28C-4707-8FA0-670C7A462CA4}.Debug|Any CPU.Build.0 = Debug|Any CPU
		{75858641-D28C-4707-8FA0-670C7A462CA4}.Release|Any CPU.ActiveCfg = Release|Any CPU
		{75858641-D28C-4707-8FA0-670C7A462CA4}.Release|Any CPU.Build.0 = Release|Any CPU
		{5490C50D-DA59-4C66-B694-D2BA9A1AA0DD}.Debug|Any CPU.ActiveCfg = Debug|Any CPU
		{5490C50D-DA59-4C66-B694-D2BA9A1AA0DD}.Debug|Any CPU.Build.0 = Debug|Any CPU
		{5490C50D-DA59-4C66-B694-D2BA9A1AA0DD}.Release|Any CPU.ActiveCfg = Release|Any CPU
		{5490C50D-DA59-4C66-B694-D2BA9A1AA0DD}.Release|Any CPU.Build.0 = Release|Any CPU
		{3673DE31-77F2-47F5-BB67-011EE2D67361}.Debug|Any CPU.ActiveCfg = Debug|Any CPU
		{3673DE31-77F2-47F5-BB67-011EE2D67361}.Debug|Any CPU.Build.0 = Debug|Any CPU
		{3673DE31-77F2-47F5-BB67-011EE2D67361}.Release|Any CPU.ActiveCfg = Release|Any CPU
		{3673DE31-77F2-47F5-BB67-011EE2D67361}.Release|Any CPU.Build.0 = Release|Any CPU
		{852CB85E-CDF2-4173-8680-75401171C713}.Debug|Any CPU.ActiveCfg = Debug|Any CPU
		{852CB85E-CDF2-4173-8680-75401171C713}.Debug|Any CPU.Build.0 = Debug|Any CPU
		{852CB85E-CDF2-4173-8680-75401171C713}.Release|Any CPU.ActiveCfg = Release|Any CPU
		{852CB85E-CDF2-4173-8680-75401171C713}.Release|Any CPU.Build.0 = Release|Any CPU
		{32DC44A6-68B5-42EC-A0A5-9E05BEF76361}.Debug|Any CPU.ActiveCfg = Debug|Any CPU
		{32DC44A6-68B5-42EC-A0A5-9E05BEF76361}.Debug|Any CPU.Build.0 = Debug|Any CPU
		{32DC44A6-68B5-42EC-A0A5-9E05BEF76361}.Release|Any CPU.ActiveCfg = Release|Any CPU
		{32DC44A6-68B5-42EC-A0A5-9E05BEF76361}.Release|Any CPU.Build.0 = Release|Any CPU
		{099AED11-23CE-4967-936B-FBD1CE838631}.Debug|Any CPU.ActiveCfg = Debug|Any CPU
		{099AED11-23CE-4967-936B-FBD1CE838631}.Debug|Any CPU.Build.0 = Debug|Any CPU
		{099AED11-23CE-4967-936B-FBD1CE838631}.Release|Any CPU.ActiveCfg = Release|Any CPU
		{099AED11-23CE-4967-936B-FBD1CE838631}.Release|Any CPU.Build.0 = Release|Any CPU
		{027434E1-0D43-44A0-8404-3CA2C538F852}.Debug|Any CPU.ActiveCfg = Debug|Any CPU
		{027434E1-0D43-44A0-8404-3CA2C538F852}.Debug|Any CPU.Build.0 = Debug|Any CPU
		{027434E1-0D43-44A0-8404-3CA2C538F852}.Release|Any CPU.ActiveCfg = Release|Any CPU
		{027434E1-0D43-44A0-8404-3CA2C538F852}.Release|Any CPU.Build.0 = Release|Any CPU
		{486C717E-379A-4AE6-8DA1-7F35FE644AD0}.Debug|Any CPU.ActiveCfg = Debug|Any CPU
		{486C717E-379A-4AE6-8DA1-7F35FE644AD0}.Debug|Any CPU.Build.0 = Debug|Any CPU
		{486C717E-379A-4AE6-8DA1-7F35FE644AD0}.Release|Any CPU.ActiveCfg = Release|Any CPU
		{486C717E-379A-4AE6-8DA1-7F35FE644AD0}.Release|Any CPU.Build.0 = Release|Any CPU
		{88B6807B-E098-4EA4-8EEF-B1A13586B2EE}.Debug|Any CPU.ActiveCfg = Debug|Any CPU
		{88B6807B-E098-4EA4-8EEF-B1A13586B2EE}.Debug|Any CPU.Build.0 = Debug|Any CPU
		{88B6807B-E098-4EA4-8EEF-B1A13586B2EE}.Release|Any CPU.ActiveCfg = Release|Any CPU
		{88B6807B-E098-4EA4-8EEF-B1A13586B2EE}.Release|Any CPU.Build.0 = Release|Any CPU
		{E50564D8-2D5B-446B-9BE0-8D9AED5F9EDC}.Debug|Any CPU.ActiveCfg = Debug|Any CPU
		{E50564D8-2D5B-446B-9BE0-8D9AED5F9EDC}.Debug|Any CPU.Build.0 = Debug|Any CPU
		{E50564D8-2D5B-446B-9BE0-8D9AED5F9EDC}.Release|Any CPU.ActiveCfg = Release|Any CPU
		{E50564D8-2D5B-446B-9BE0-8D9AED5F9EDC}.Release|Any CPU.Build.0 = Release|Any CPU
		{6BF171A5-D920-4B61-86C8-9BA8D8ED96EE}.Debug|Any CPU.ActiveCfg = Debug|Any CPU
		{6BF171A5-D920-4B61-86C8-9BA8D8ED96EE}.Debug|Any CPU.Build.0 = Debug|Any CPU
		{6BF171A5-D920-4B61-86C8-9BA8D8ED96EE}.Release|Any CPU.ActiveCfg = Release|Any CPU
		{6BF171A5-D920-4B61-86C8-9BA8D8ED96EE}.Release|Any CPU.Build.0 = Release|Any CPU
		{8A8C3423-4F7F-42C6-AC4B-B70896D7A10E}.Debug|Any CPU.ActiveCfg = Debug|Any CPU
		{8A8C3423-4F7F-42C6-AC4B-B70896D7A10E}.Debug|Any CPU.Build.0 = Debug|Any CPU
		{8A8C3423-4F7F-42C6-AC4B-B70896D7A10E}.Release|Any CPU.ActiveCfg = Release|Any CPU
		{8A8C3423-4F7F-42C6-AC4B-B70896D7A10E}.Release|Any CPU.Build.0 = Release|Any CPU
		{AB9A03EF-E9F7-4519-BC6E-CEA2D3A80890}.Debug|Any CPU.ActiveCfg = Debug|Any CPU
		{AB9A03EF-E9F7-4519-BC6E-CEA2D3A80890}.Debug|Any CPU.Build.0 = Debug|Any CPU
		{AB9A03EF-E9F7-4519-BC6E-CEA2D3A80890}.Release|Any CPU.ActiveCfg = Release|Any CPU
		{AB9A03EF-E9F7-4519-BC6E-CEA2D3A80890}.Release|Any CPU.Build.0 = Release|Any CPU
		{F7582EB7-2638-430A-A077-7EA71D502A59}.Debug|Any CPU.ActiveCfg = Debug|Any CPU
		{F7582EB7-2638-430A-A077-7EA71D502A59}.Debug|Any CPU.Build.0 = Debug|Any CPU
		{F7582EB7-2638-430A-A077-7EA71D502A59}.Release|Any CPU.ActiveCfg = Release|Any CPU
		{F7582EB7-2638-430A-A077-7EA71D502A59}.Release|Any CPU.Build.0 = Release|Any CPU
		{55041314-6503-4411-929B-6A29A26EAAFF}.Debug|Any CPU.ActiveCfg = Debug|Any CPU
		{55041314-6503-4411-929B-6A29A26EAAFF}.Debug|Any CPU.Build.0 = Debug|Any CPU
		{55041314-6503-4411-929B-6A29A26EAAFF}.Release|Any CPU.ActiveCfg = Release|Any CPU
		{55041314-6503-4411-929B-6A29A26EAAFF}.Release|Any CPU.Build.0 = Release|Any CPU
		{8AAC2216-338F-4010-ADB3-2D823C31A13E}.Debug|Any CPU.ActiveCfg = Debug|Any CPU
		{8AAC2216-338F-4010-ADB3-2D823C31A13E}.Debug|Any CPU.Build.0 = Debug|Any CPU
		{8AAC2216-338F-4010-ADB3-2D823C31A13E}.Release|Any CPU.ActiveCfg = Release|Any CPU
		{8AAC2216-338F-4010-ADB3-2D823C31A13E}.Release|Any CPU.Build.0 = Release|Any CPU
		{F4D7B16C-D9C5-4D78-9A45-36F5A619E322}.Debug|Any CPU.ActiveCfg = Debug|Any CPU
		{F4D7B16C-D9C5-4D78-9A45-36F5A619E322}.Debug|Any CPU.Build.0 = Debug|Any CPU
		{F4D7B16C-D9C5-4D78-9A45-36F5A619E322}.Release|Any CPU.ActiveCfg = Release|Any CPU
		{F4D7B16C-D9C5-4D78-9A45-36F5A619E322}.Release|Any CPU.Build.0 = Release|Any CPU
		{15B0571E-1F69-4D7F-B8D2-4540FD2F36B4}.Debug|Any CPU.ActiveCfg = Debug|Any CPU
		{15B0571E-1F69-4D7F-B8D2-4540FD2F36B4}.Debug|Any CPU.Build.0 = Debug|Any CPU
		{15B0571E-1F69-4D7F-B8D2-4540FD2F36B4}.Release|Any CPU.ActiveCfg = Release|Any CPU
		{15B0571E-1F69-4D7F-B8D2-4540FD2F36B4}.Release|Any CPU.Build.0 = Release|Any CPU
		{FC60684C-1BFA-4469-A279-1C4F3CC43C3D}.Debug|Any CPU.ActiveCfg = Debug|Any CPU
		{FC60684C-1BFA-4469-A279-1C4F3CC43C3D}.Debug|Any CPU.Build.0 = Debug|Any CPU
		{FC60684C-1BFA-4469-A279-1C4F3CC43C3D}.Release|Any CPU.ActiveCfg = Release|Any CPU
		{FC60684C-1BFA-4469-A279-1C4F3CC43C3D}.Release|Any CPU.Build.0 = Release|Any CPU
		{EDF7FCEE-E92C-461B-8086-CEF1C8DE72ED}.Debug|Any CPU.ActiveCfg = Debug|Any CPU
		{EDF7FCEE-E92C-461B-8086-CEF1C8DE72ED}.Debug|Any CPU.Build.0 = Debug|Any CPU
		{EDF7FCEE-E92C-461B-8086-CEF1C8DE72ED}.Release|Any CPU.ActiveCfg = Release|Any CPU
		{EDF7FCEE-E92C-461B-8086-CEF1C8DE72ED}.Release|Any CPU.Build.0 = Release|Any CPU
		{6C22E9A9-1E52-4267-AC8B-998E643C0E4D}.Debug|Any CPU.ActiveCfg = Debug|Any CPU
		{6C22E9A9-1E52-4267-AC8B-998E643C0E4D}.Debug|Any CPU.Build.0 = Debug|Any CPU
		{6C22E9A9-1E52-4267-AC8B-998E643C0E4D}.Release|Any CPU.ActiveCfg = Release|Any CPU
		{6C22E9A9-1E52-4267-AC8B-998E643C0E4D}.Release|Any CPU.Build.0 = Release|Any CPU
		{950A66EF-A725-4634-BE8D-0DF648AC4653}.Debug|Any CPU.ActiveCfg = Debug|Any CPU
		{950A66EF-A725-4634-BE8D-0DF648AC4653}.Debug|Any CPU.Build.0 = Debug|Any CPU
		{950A66EF-A725-4634-BE8D-0DF648AC4653}.Release|Any CPU.ActiveCfg = Release|Any CPU
		{950A66EF-A725-4634-BE8D-0DF648AC4653}.Release|Any CPU.Build.0 = Release|Any CPU
		{DBA66049-9B02-42DB-94E9-A67FC56B6EC4}.Debug|Any CPU.ActiveCfg = Debug|Any CPU
		{DBA66049-9B02-42DB-94E9-A67FC56B6EC4}.Debug|Any CPU.Build.0 = Debug|Any CPU
		{DBA66049-9B02-42DB-94E9-A67FC56B6EC4}.Release|Any CPU.ActiveCfg = Release|Any CPU
		{DBA66049-9B02-42DB-94E9-A67FC56B6EC4}.Release|Any CPU.Build.0 = Release|Any CPU
		{2A711BC5-393F-4C5B-BA34-CB2EC5BC9C10}.Debug|Any CPU.ActiveCfg = Debug|Any CPU
		{2A711BC5-393F-4C5B-BA34-CB2EC5BC9C10}.Debug|Any CPU.Build.0 = Debug|Any CPU
		{2A711BC5-393F-4C5B-BA34-CB2EC5BC9C10}.Release|Any CPU.ActiveCfg = Release|Any CPU
		{2A711BC5-393F-4C5B-BA34-CB2EC5BC9C10}.Release|Any CPU.Build.0 = Release|Any CPU
		{37047A4D-4C09-45D1-A806-BCE75E0BA681}.Debug|Any CPU.ActiveCfg = Debug|Any CPU
		{37047A4D-4C09-45D1-A806-BCE75E0BA681}.Debug|Any CPU.Build.0 = Debug|Any CPU
		{37047A4D-4C09-45D1-A806-BCE75E0BA681}.Release|Any CPU.ActiveCfg = Release|Any CPU
		{37047A4D-4C09-45D1-A806-BCE75E0BA681}.Release|Any CPU.Build.0 = Release|Any CPU
		{02A4B6E3-7FA6-4ECE-8E1F-CA867042EF10}.Debug|Any CPU.ActiveCfg = Debug|Any CPU
		{02A4B6E3-7FA6-4ECE-8E1F-CA867042EF10}.Debug|Any CPU.Build.0 = Debug|Any CPU
		{02A4B6E3-7FA6-4ECE-8E1F-CA867042EF10}.Release|Any CPU.ActiveCfg = Release|Any CPU
		{02A4B6E3-7FA6-4ECE-8E1F-CA867042EF10}.Release|Any CPU.Build.0 = Release|Any CPU
		{9E8DA361-63C9-422F-9F94-7A415C2019C5}.Debug|Any CPU.ActiveCfg = Debug|Any CPU
		{9E8DA361-63C9-422F-9F94-7A415C2019C5}.Debug|Any CPU.Build.0 = Debug|Any CPU
		{9E8DA361-63C9-422F-9F94-7A415C2019C5}.Release|Any CPU.ActiveCfg = Release|Any CPU
		{9E8DA361-63C9-422F-9F94-7A415C2019C5}.Release|Any CPU.Build.0 = Release|Any CPU
		{4902EA6D-264C-4E61-9547-1E5FD9B47540}.Debug|Any CPU.ActiveCfg = Debug|Any CPU
		{4902EA6D-264C-4E61-9547-1E5FD9B47540}.Debug|Any CPU.Build.0 = Debug|Any CPU
		{4902EA6D-264C-4E61-9547-1E5FD9B47540}.Release|Any CPU.ActiveCfg = Release|Any CPU
		{4902EA6D-264C-4E61-9547-1E5FD9B47540}.Release|Any CPU.Build.0 = Release|Any CPU
		{C1828314-BEA2-421E-A06C-B9237C39CAE4}.Debug|Any CPU.ActiveCfg = Debug|Any CPU
		{C1828314-BEA2-421E-A06C-B9237C39CAE4}.Debug|Any CPU.Build.0 = Debug|Any CPU
		{C1828314-BEA2-421E-A06C-B9237C39CAE4}.Release|Any CPU.ActiveCfg = Release|Any CPU
		{C1828314-BEA2-421E-A06C-B9237C39CAE4}.Release|Any CPU.Build.0 = Release|Any CPU
		{FAA3BCD0-34C0-42B2-B133-A6FAA8F3C456}.Debug|Any CPU.ActiveCfg = Debug|Any CPU
		{FAA3BCD0-34C0-42B2-B133-A6FAA8F3C456}.Debug|Any CPU.Build.0 = Debug|Any CPU
		{FAA3BCD0-34C0-42B2-B133-A6FAA8F3C456}.Release|Any CPU.ActiveCfg = Release|Any CPU
		{FAA3BCD0-34C0-42B2-B133-A6FAA8F3C456}.Release|Any CPU.Build.0 = Release|Any CPU
		{0DF8CF4C-62FC-44D9-B48C-8D32A0E7713F}.Debug|Any CPU.ActiveCfg = Debug|Any CPU
		{0DF8CF4C-62FC-44D9-B48C-8D32A0E7713F}.Debug|Any CPU.Build.0 = Debug|Any CPU
		{0DF8CF4C-62FC-44D9-B48C-8D32A0E7713F}.Release|Any CPU.ActiveCfg = Release|Any CPU
		{0DF8CF4C-62FC-44D9-B48C-8D32A0E7713F}.Release|Any CPU.Build.0 = Release|Any CPU
		{8835A582-0B19-4582-9906-158D07B63223}.Debug|Any CPU.ActiveCfg = Debug|Any CPU
		{8835A582-0B19-4582-9906-158D07B63223}.Debug|Any CPU.Build.0 = Debug|Any CPU
		{8835A582-0B19-4582-9906-158D07B63223}.Release|Any CPU.ActiveCfg = Release|Any CPU
		{8835A582-0B19-4582-9906-158D07B63223}.Release|Any CPU.Build.0 = Release|Any CPU
		{D1D13408-5FE4-4C56-9501-0333C2E72FCD}.Debug|Any CPU.ActiveCfg = Debug|Any CPU
		{D1D13408-5FE4-4C56-9501-0333C2E72FCD}.Debug|Any CPU.Build.0 = Debug|Any CPU
		{D1D13408-5FE4-4C56-9501-0333C2E72FCD}.Release|Any CPU.ActiveCfg = Release|Any CPU
		{D1D13408-5FE4-4C56-9501-0333C2E72FCD}.Release|Any CPU.Build.0 = Release|Any CPU
		{37A0D591-DD41-4FD4-B918-1CA58E9EC302}.Debug|Any CPU.ActiveCfg = Debug|Any CPU
		{37A0D591-DD41-4FD4-B918-1CA58E9EC302}.Debug|Any CPU.Build.0 = Debug|Any CPU
		{37A0D591-DD41-4FD4-B918-1CA58E9EC302}.Release|Any CPU.ActiveCfg = Release|Any CPU
		{37A0D591-DD41-4FD4-B918-1CA58E9EC302}.Release|Any CPU.Build.0 = Release|Any CPU
		{B84A7BD2-3403-4572-B3C4-9C4BE6EB8D90}.Debug|Any CPU.ActiveCfg = Debug|Any CPU
		{B84A7BD2-3403-4572-B3C4-9C4BE6EB8D90}.Debug|Any CPU.Build.0 = Debug|Any CPU
		{B84A7BD2-3403-4572-B3C4-9C4BE6EB8D90}.Release|Any CPU.ActiveCfg = Release|Any CPU
		{B84A7BD2-3403-4572-B3C4-9C4BE6EB8D90}.Release|Any CPU.Build.0 = Release|Any CPU
		{0AD09F15-D569-4AC9-A62F-F6089BC44A64}.Debug|Any CPU.ActiveCfg = Debug|Any CPU
		{0AD09F15-D569-4AC9-A62F-F6089BC44A64}.Debug|Any CPU.Build.0 = Debug|Any CPU
		{0AD09F15-D569-4AC9-A62F-F6089BC44A64}.Release|Any CPU.ActiveCfg = Release|Any CPU
		{0AD09F15-D569-4AC9-A62F-F6089BC44A64}.Release|Any CPU.Build.0 = Release|Any CPU
		{599EFFF6-0D1E-44C1-A456-F78D5B5BA539}.Debug|Any CPU.ActiveCfg = Debug|Any CPU
		{599EFFF6-0D1E-44C1-A456-F78D5B5BA539}.Debug|Any CPU.Build.0 = Debug|Any CPU
		{599EFFF6-0D1E-44C1-A456-F78D5B5BA539}.Release|Any CPU.ActiveCfg = Release|Any CPU
		{599EFFF6-0D1E-44C1-A456-F78D5B5BA539}.Release|Any CPU.Build.0 = Release|Any CPU
		{FAFFD2D8-D00C-4622-AF5E-6B5BE3A6DDE3}.Debug|Any CPU.ActiveCfg = Debug|Any CPU
		{FAFFD2D8-D00C-4622-AF5E-6B5BE3A6DDE3}.Debug|Any CPU.Build.0 = Debug|Any CPU
		{FAFFD2D8-D00C-4622-AF5E-6B5BE3A6DDE3}.Release|Any CPU.ActiveCfg = Release|Any CPU
		{FAFFD2D8-D00C-4622-AF5E-6B5BE3A6DDE3}.Release|Any CPU.Build.0 = Release|Any CPU
		{3B6F7116-2882-451E-895F-A5BB1FEFAEA9}.Debug|Any CPU.ActiveCfg = Debug|Any CPU
		{3B6F7116-2882-451E-895F-A5BB1FEFAEA9}.Debug|Any CPU.Build.0 = Debug|Any CPU
		{3B6F7116-2882-451E-895F-A5BB1FEFAEA9}.Release|Any CPU.ActiveCfg = Release|Any CPU
		{3B6F7116-2882-451E-895F-A5BB1FEFAEA9}.Release|Any CPU.Build.0 = Release|Any CPU
		{00B1EC18-1C35-403B-A96D-36EE49BD6B8A}.Debug|Any CPU.ActiveCfg = Debug|Any CPU
		{00B1EC18-1C35-403B-A96D-36EE49BD6B8A}.Debug|Any CPU.Build.0 = Debug|Any CPU
		{00B1EC18-1C35-403B-A96D-36EE49BD6B8A}.Release|Any CPU.ActiveCfg = Release|Any CPU
		{00B1EC18-1C35-403B-A96D-36EE49BD6B8A}.Release|Any CPU.Build.0 = Release|Any CPU
		{812FB0A7-943C-4890-B03B-F6507004A58A}.Debug|Any CPU.ActiveCfg = Debug|Any CPU
		{812FB0A7-943C-4890-B03B-F6507004A58A}.Debug|Any CPU.Build.0 = Debug|Any CPU
		{812FB0A7-943C-4890-B03B-F6507004A58A}.Release|Any CPU.ActiveCfg = Release|Any CPU
		{812FB0A7-943C-4890-B03B-F6507004A58A}.Release|Any CPU.Build.0 = Release|Any CPU
		{66943BB6-C408-4408-AEEA-5B70CDC015A3}.Debug|Any CPU.ActiveCfg = Debug|Any CPU
		{66943BB6-C408-4408-AEEA-5B70CDC015A3}.Debug|Any CPU.Build.0 = Debug|Any CPU
		{66943BB6-C408-4408-AEEA-5B70CDC015A3}.Release|Any CPU.ActiveCfg = Release|Any CPU
		{66943BB6-C408-4408-AEEA-5B70CDC015A3}.Release|Any CPU.Build.0 = Release|Any CPU
		{56608181-E611-4BDE-931F-38D582C25E53}.Debug|Any CPU.ActiveCfg = Debug|Any CPU
		{56608181-E611-4BDE-931F-38D582C25E53}.Debug|Any CPU.Build.0 = Debug|Any CPU
		{56608181-E611-4BDE-931F-38D582C25E53}.Release|Any CPU.ActiveCfg = Release|Any CPU
		{56608181-E611-4BDE-931F-38D582C25E53}.Release|Any CPU.Build.0 = Release|Any CPU
		{87620CED-5B49-497F-B1F2-145CEEF25741}.Debug|Any CPU.ActiveCfg = Debug|Any CPU
		{87620CED-5B49-497F-B1F2-145CEEF25741}.Debug|Any CPU.Build.0 = Debug|Any CPU
		{87620CED-5B49-497F-B1F2-145CEEF25741}.Release|Any CPU.ActiveCfg = Release|Any CPU
		{87620CED-5B49-497F-B1F2-145CEEF25741}.Release|Any CPU.Build.0 = Release|Any CPU
		{389F8E9B-1543-48B0-B969-FEEFA3B161CD}.Debug|Any CPU.ActiveCfg = Debug|Any CPU
		{389F8E9B-1543-48B0-B969-FEEFA3B161CD}.Debug|Any CPU.Build.0 = Debug|Any CPU
		{389F8E9B-1543-48B0-B969-FEEFA3B161CD}.Release|Any CPU.ActiveCfg = Release|Any CPU
		{389F8E9B-1543-48B0-B969-FEEFA3B161CD}.Release|Any CPU.Build.0 = Release|Any CPU
		{9D611837-8410-4F7A-83C8-F7ECB5B5FCE8}.Debug|Any CPU.ActiveCfg = Debug|Any CPU
		{9D611837-8410-4F7A-83C8-F7ECB5B5FCE8}.Debug|Any CPU.Build.0 = Debug|Any CPU
		{9D611837-8410-4F7A-83C8-F7ECB5B5FCE8}.Release|Any CPU.ActiveCfg = Release|Any CPU
		{9D611837-8410-4F7A-83C8-F7ECB5B5FCE8}.Release|Any CPU.Build.0 = Release|Any CPU
		{F86AE275-09C6-47FD-9C02-B298B007E37F}.Debug|Any CPU.ActiveCfg = Debug|Any CPU
		{F86AE275-09C6-47FD-9C02-B298B007E37F}.Debug|Any CPU.Build.0 = Debug|Any CPU
		{F86AE275-09C6-47FD-9C02-B298B007E37F}.Release|Any CPU.ActiveCfg = Release|Any CPU
		{F86AE275-09C6-47FD-9C02-B298B007E37F}.Release|Any CPU.Build.0 = Release|Any CPU
		{3425F917-CFFB-44E4-8494-6303F8276741}.Debug|Any CPU.ActiveCfg = Debug|Any CPU
		{3425F917-CFFB-44E4-8494-6303F8276741}.Debug|Any CPU.Build.0 = Debug|Any CPU
		{3425F917-CFFB-44E4-8494-6303F8276741}.Release|Any CPU.ActiveCfg = Release|Any CPU
		{3425F917-CFFB-44E4-8494-6303F8276741}.Release|Any CPU.Build.0 = Release|Any CPU
		{3DA42B1F-E181-4805-8672-F22F8CFD678B}.Debug|Any CPU.ActiveCfg = Debug|Any CPU
		{3DA42B1F-E181-4805-8672-F22F8CFD678B}.Debug|Any CPU.Build.0 = Debug|Any CPU
		{3DA42B1F-E181-4805-8672-F22F8CFD678B}.Release|Any CPU.ActiveCfg = Release|Any CPU
		{3DA42B1F-E181-4805-8672-F22F8CFD678B}.Release|Any CPU.Build.0 = Release|Any CPU
		{D96364C6-E597-4156-9F36-B4C61E930950}.Debug|Any CPU.ActiveCfg = Debug|Any CPU
		{D96364C6-E597-4156-9F36-B4C61E930950}.Debug|Any CPU.Build.0 = Debug|Any CPU
		{D96364C6-E597-4156-9F36-B4C61E930950}.Release|Any CPU.ActiveCfg = Release|Any CPU
		{D96364C6-E597-4156-9F36-B4C61E930950}.Release|Any CPU.Build.0 = Release|Any CPU
		{A605EE70-E312-48EB-8AA2-89FE89575412}.Debug|Any CPU.ActiveCfg = Debug|Any CPU
		{A605EE70-E312-48EB-8AA2-89FE89575412}.Debug|Any CPU.Build.0 = Debug|Any CPU
		{A605EE70-E312-48EB-8AA2-89FE89575412}.Release|Any CPU.ActiveCfg = Release|Any CPU
		{A605EE70-E312-48EB-8AA2-89FE89575412}.Release|Any CPU.Build.0 = Release|Any CPU
		{3D3C6EE8-A535-4349-A13B-6CC40207FA9B}.Debug|Any CPU.ActiveCfg = Debug|Any CPU
		{3D3C6EE8-A535-4349-A13B-6CC40207FA9B}.Debug|Any CPU.Build.0 = Debug|Any CPU
		{3D3C6EE8-A535-4349-A13B-6CC40207FA9B}.Release|Any CPU.ActiveCfg = Release|Any CPU
		{3D3C6EE8-A535-4349-A13B-6CC40207FA9B}.Release|Any CPU.Build.0 = Release|Any CPU
		{7F580789-832D-4FA5-9787-305B66771D57}.Debug|Any CPU.ActiveCfg = Debug|Any CPU
		{7F580789-832D-4FA5-9787-305B66771D57}.Debug|Any CPU.Build.0 = Debug|Any CPU
		{7F580789-832D-4FA5-9787-305B66771D57}.Release|Any CPU.ActiveCfg = Release|Any CPU
		{7F580789-832D-4FA5-9787-305B66771D57}.Release|Any CPU.Build.0 = Release|Any CPU
		{74D953A9-E8B7-4676-8733-978AAD307F09}.Debug|Any CPU.ActiveCfg = Debug|Any CPU
		{74D953A9-E8B7-4676-8733-978AAD307F09}.Debug|Any CPU.Build.0 = Debug|Any CPU
		{74D953A9-E8B7-4676-8733-978AAD307F09}.Release|Any CPU.ActiveCfg = Release|Any CPU
		{74D953A9-E8B7-4676-8733-978AAD307F09}.Release|Any CPU.Build.0 = Release|Any CPU
		{C93A2533-7DD7-4B89-BDCA-5DD432816E29}.Debug|Any CPU.ActiveCfg = Debug|Any CPU
		{C93A2533-7DD7-4B89-BDCA-5DD432816E29}.Debug|Any CPU.Build.0 = Debug|Any CPU
		{C93A2533-7DD7-4B89-BDCA-5DD432816E29}.Release|Any CPU.ActiveCfg = Release|Any CPU
		{C93A2533-7DD7-4B89-BDCA-5DD432816E29}.Release|Any CPU.Build.0 = Release|Any CPU
		{D15CDED0-F638-48A8-B794-50A65E2D1304}.Debug|Any CPU.ActiveCfg = Debug|Any CPU
		{D15CDED0-F638-48A8-B794-50A65E2D1304}.Debug|Any CPU.Build.0 = Debug|Any CPU
		{D15CDED0-F638-48A8-B794-50A65E2D1304}.Release|Any CPU.ActiveCfg = Release|Any CPU
		{D15CDED0-F638-48A8-B794-50A65E2D1304}.Release|Any CPU.Build.0 = Release|Any CPU
		{C6F4519E-C445-4738-AD0B-D343A76B5FDD}.Debug|Any CPU.ActiveCfg = Debug|Any CPU
		{C6F4519E-C445-4738-AD0B-D343A76B5FDD}.Debug|Any CPU.Build.0 = Debug|Any CPU
		{C6F4519E-C445-4738-AD0B-D343A76B5FDD}.Release|Any CPU.ActiveCfg = Release|Any CPU
		{C6F4519E-C445-4738-AD0B-D343A76B5FDD}.Release|Any CPU.Build.0 = Release|Any CPU
		{2A1E4DD2-C2EA-4411-AA94-1D81463D4DD6}.Debug|Any CPU.ActiveCfg = Debug|Any CPU
		{2A1E4DD2-C2EA-4411-AA94-1D81463D4DD6}.Debug|Any CPU.Build.0 = Debug|Any CPU
		{2A1E4DD2-C2EA-4411-AA94-1D81463D4DD6}.Release|Any CPU.ActiveCfg = Release|Any CPU
		{2A1E4DD2-C2EA-4411-AA94-1D81463D4DD6}.Release|Any CPU.Build.0 = Release|Any CPU
		{2035B244-CD2C-409F-A650-9E9450581236}.Debug|Any CPU.ActiveCfg = Debug|Any CPU
		{2035B244-CD2C-409F-A650-9E9450581236}.Debug|Any CPU.Build.0 = Debug|Any CPU
		{2035B244-CD2C-409F-A650-9E9450581236}.Release|Any CPU.ActiveCfg = Release|Any CPU
		{2035B244-CD2C-409F-A650-9E9450581236}.Release|Any CPU.Build.0 = Release|Any CPU
		{5F0D79E3-82CE-4201-95CC-1718CD266680}.Debug|Any CPU.ActiveCfg = Debug|Any CPU
		{5F0D79E3-82CE-4201-95CC-1718CD266680}.Debug|Any CPU.Build.0 = Debug|Any CPU
		{5F0D79E3-82CE-4201-95CC-1718CD266680}.Release|Any CPU.ActiveCfg = Release|Any CPU
		{5F0D79E3-82CE-4201-95CC-1718CD266680}.Release|Any CPU.Build.0 = Release|Any CPU
	EndGlobalSection
	GlobalSection(SolutionProperties) = preSolution
		HideSolutionNode = FALSE
	EndGlobalSection
EndGlobal
